// !$*UTF8*$!
{
	archiveVersion = 1;
	classes = {
	};
	objectVersion = 46;
	objects = {

/* Begin PBXBuildFile section */
		BB097FB01C23668600CB718A /* RedBlackTree.swift in Sources */ = {isa = PBXBuildFile; fileRef = BB097FAF1C23668600CB718A /* RedBlackTree.swift */; };
		BB097FB11C236BAC00CB718A /* RedBlackTree.swift in Sources */ = {isa = PBXBuildFile; fileRef = BB097FAF1C23668600CB718A /* RedBlackTree.swift */; };
		BB097FB31C236EFD00CB718A /* Map.swift in Sources */ = {isa = PBXBuildFile; fileRef = BB097FB21C236EFD00CB718A /* Map.swift */; };
		BB097FB51C236F0500CB718A /* List.swift in Sources */ = {isa = PBXBuildFile; fileRef = BB097FB41C236F0500CB718A /* List.swift */; };
		BB097FB71C236F1E00CB718A /* RedBlackConfig.swift in Sources */ = {isa = PBXBuildFile; fileRef = BB097FB61C236F1E00CB718A /* RedBlackConfig.swift */; };
		BB097FB81C236F2200CB718A /* RedBlackConfig.swift in Sources */ = {isa = PBXBuildFile; fileRef = BB097FB61C236F1E00CB718A /* RedBlackConfig.swift */; };
		BB097FB91C236F2200CB718A /* Map.swift in Sources */ = {isa = PBXBuildFile; fileRef = BB097FB21C236EFD00CB718A /* Map.swift */; };
		BB097FBA1C236F2200CB718A /* List.swift in Sources */ = {isa = PBXBuildFile; fileRef = BB097FB41C236F0500CB718A /* List.swift */; };
		BB097FBC1C23A16700CB718A /* Summary.swift in Sources */ = {isa = PBXBuildFile; fileRef = BB097FBB1C23A16700CB718A /* Summary.swift */; };
		BB097FBD1C23A1A400CB718A /* Summary.swift in Sources */ = {isa = PBXBuildFile; fileRef = BB097FBB1C23A16700CB718A /* Summary.swift */; };
		BB097FBE1C25A58500CB718A /* AssociativeCollectionType.swift in Sources */ = {isa = PBXBuildFile; fileRef = BB9AE4721C2041AC002C5D63 /* AssociativeCollectionType.swift */; };
		BB097FBF1C25A58500CB718A /* SortedAssociativeCollectionType.swift in Sources */ = {isa = PBXBuildFile; fileRef = BB9AE4771C2052E2002C5D63 /* SortedAssociativeCollectionType.swift */; };
		BB097FC01C25A58500CB718A /* ArrayLikeCollectionType.swift in Sources */ = {isa = PBXBuildFile; fileRef = BB9AE47A1C20543A002C5D63 /* ArrayLikeCollectionType.swift */; };
		BB097FC11C25A58600CB718A /* AssociativeCollectionType.swift in Sources */ = {isa = PBXBuildFile; fileRef = BB9AE4721C2041AC002C5D63 /* AssociativeCollectionType.swift */; };
		BB097FC21C25A58600CB718A /* SortedAssociativeCollectionType.swift in Sources */ = {isa = PBXBuildFile; fileRef = BB9AE4771C2052E2002C5D63 /* SortedAssociativeCollectionType.swift */; };
		BB097FC31C25A58600CB718A /* ArrayLikeCollectionType.swift in Sources */ = {isa = PBXBuildFile; fileRef = BB9AE47A1C20543A002C5D63 /* ArrayLikeCollectionType.swift */; };
		BB097FC41C25C58600CB718A /* SortedArray.swift in Sources */ = {isa = PBXBuildFile; fileRef = BB9AE46F1C203A96002C5D63 /* SortedArray.swift */; };
		BB097FC51C25C58700CB718A /* SortedArray.swift in Sources */ = {isa = PBXBuildFile; fileRef = BB9AE46F1C203A96002C5D63 /* SortedArray.swift */; };
		BB097FC71C25DDA700CB718A /* RedBlackTree descriptions.swift in Sources */ = {isa = PBXBuildFile; fileRef = BB097FC61C25DDA700CB718A /* RedBlackTree descriptions.swift */; };
		BB097FC91C25E65500CB718A /* RedBlackTreeTests.swift in Sources */ = {isa = PBXBuildFile; fileRef = BB097FC81C25E65500CB718A /* RedBlackTreeTests.swift */; };
		BB097FCA1C25E65500CB718A /* RedBlackTreeTests.swift in Sources */ = {isa = PBXBuildFile; fileRef = BB097FC81C25E65500CB718A /* RedBlackTreeTests.swift */; };
		BB097FCB1C25F58400CB718A /* RedBlackTree descriptions.swift in Sources */ = {isa = PBXBuildFile; fileRef = BB097FC61C25DDA700CB718A /* RedBlackTree descriptions.swift */; };
		BB3EAAC91C26F6F10028E5A7 /* TreeDumper.swift in Sources */ = {isa = PBXBuildFile; fileRef = BB3EAAC81C26F6F10028E5A7 /* TreeDumper.swift */; };
		BB3EAACA1C26F6F10028E5A7 /* TreeDumper.swift in Sources */ = {isa = PBXBuildFile; fileRef = BB3EAAC81C26F6F10028E5A7 /* TreeDumper.swift */; };
		BB3EAACC1C26F7F40028E5A7 /* TreeChecker.swift in Sources */ = {isa = PBXBuildFile; fileRef = BB3EAACB1C26F7F40028E5A7 /* TreeChecker.swift */; };
		BB3EAACD1C26F7F40028E5A7 /* TreeChecker.swift in Sources */ = {isa = PBXBuildFile; fileRef = BB3EAACB1C26F7F40028E5A7 /* TreeChecker.swift */; };
		BB54D0BA1C1F0357008A462B /* TreeCollections.framework in Frameworks */ = {isa = PBXBuildFile; fileRef = BB54D0AF1C1F0357008A462B /* TreeCollections.framework */; };
		BB9AE4231C1F38B9002C5D63 /* SegmentedArray.swift in Sources */ = {isa = PBXBuildFile; fileRef = BB9AE4221C1F38B9002C5D63 /* SegmentedArray.swift */; };
		BB9AE4431C1FCD09002C5D63 /* SegmentedArray.swift in Sources */ = {isa = PBXBuildFile; fileRef = BB9AE4221C1F38B9002C5D63 /* SegmentedArray.swift */; };
		BB9AE4511C1FCE0B002C5D63 /* TreeCollections.framework in Frameworks */ = {isa = PBXBuildFile; fileRef = BB9AE43B1C1FCC35002C5D63 /* TreeCollections.framework */; };
		BB9AE4621C1FCEB3002C5D63 /* TreeCollections.framework in Frameworks */ = {isa = PBXBuildFile; fileRef = BB9AE43B1C1FCC35002C5D63 /* TreeCollections.framework */; };
		BB9AE4681C1FCECF002C5D63 /* PerformanceTests.swift in Sources */ = {isa = PBXBuildFile; fileRef = BB9AE42D1C1FB57A002C5D63 /* PerformanceTests.swift */; };
		BB9AE4861C208762002C5D63 /* TestUtils.swift in Sources */ = {isa = PBXBuildFile; fileRef = BB9AE4831C20875D002C5D63 /* TestUtils.swift */; };
		BB9AE4871C208763002C5D63 /* TestUtils.swift in Sources */ = {isa = PBXBuildFile; fileRef = BB9AE4831C20875D002C5D63 /* TestUtils.swift */; };
/* End PBXBuildFile section */

/* Begin PBXContainerItemProxy section */
		BB54D0BB1C1F0357008A462B /* PBXContainerItemProxy */ = {
			isa = PBXContainerItemProxy;
			containerPortal = BB54D0A61C1F0357008A462B /* Project object */;
			proxyType = 1;
			remoteGlobalIDString = BB54D0AE1C1F0357008A462B;
			remoteInfo = TreeCollections;
		};
		BB9AE4521C1FCE0B002C5D63 /* PBXContainerItemProxy */ = {
			isa = PBXContainerItemProxy;
			containerPortal = BB54D0A61C1F0357008A462B /* Project object */;
			proxyType = 1;
			remoteGlobalIDString = BB9AE43A1C1FCC35002C5D63;
			remoteInfo = "OS X";
		};
		BB9AE4631C1FCEB3002C5D63 /* PBXContainerItemProxy */ = {
			isa = PBXContainerItemProxy;
			containerPortal = BB54D0A61C1F0357008A462B /* Project object */;
			proxyType = 1;
			remoteGlobalIDString = BB9AE43A1C1FCC35002C5D63;
			remoteInfo = Mac;
		};
/* End PBXContainerItemProxy section */

/* Begin PBXFileReference section */
		BB097FAF1C23668600CB718A /* RedBlackTree.swift */ = {isa = PBXFileReference; fileEncoding = 4; lastKnownFileType = sourcecode.swift; lineEnding = 0; path = RedBlackTree.swift; sourceTree = "<group>"; xcLanguageSpecificationIdentifier = xcode.lang.swift; };
		BB097FB21C236EFD00CB718A /* Map.swift */ = {isa = PBXFileReference; fileEncoding = 4; lastKnownFileType = sourcecode.swift; lineEnding = 0; path = Map.swift; sourceTree = "<group>"; xcLanguageSpecificationIdentifier = xcode.lang.swift; };
		BB097FB41C236F0500CB718A /* List.swift */ = {isa = PBXFileReference; fileEncoding = 4; lastKnownFileType = sourcecode.swift; path = List.swift; sourceTree = "<group>"; };
		BB097FB61C236F1E00CB718A /* RedBlackConfig.swift */ = {isa = PBXFileReference; fileEncoding = 4; lastKnownFileType = sourcecode.swift; lineEnding = 0; path = RedBlackConfig.swift; sourceTree = "<group>"; xcLanguageSpecificationIdentifier = xcode.lang.swift; };
		BB097FBB1C23A16700CB718A /* Summary.swift */ = {isa = PBXFileReference; fileEncoding = 4; lastKnownFileType = sourcecode.swift; lineEnding = 0; path = Summary.swift; sourceTree = "<group>"; xcLanguageSpecificationIdentifier = xcode.lang.swift; };
		BB097FC61C25DDA700CB718A /* RedBlackTree descriptions.swift */ = {isa = PBXFileReference; fileEncoding = 4; lastKnownFileType = sourcecode.swift; path = "RedBlackTree descriptions.swift"; sourceTree = "<group>"; };
		BB097FC81C25E65500CB718A /* RedBlackTreeTests.swift */ = {isa = PBXFileReference; fileEncoding = 4; lastKnownFileType = sourcecode.swift; path = RedBlackTreeTests.swift; sourceTree = "<group>"; };
		BB0D75D91C1F045C00538080 /* README.md */ = {isa = PBXFileReference; fileEncoding = 4; lastKnownFileType = net.daringfireball.markdown; lineEnding = 0; path = README.md; sourceTree = "<group>"; xcLanguageSpecificationIdentifier = xcode.lang.markdown; };
		BB3EAAC81C26F6F10028E5A7 /* TreeDumper.swift */ = {isa = PBXFileReference; fileEncoding = 4; lastKnownFileType = sourcecode.swift; path = TreeDumper.swift; sourceTree = "<group>"; };
		BB3EAACB1C26F7F40028E5A7 /* TreeChecker.swift */ = {isa = PBXFileReference; fileEncoding = 4; lastKnownFileType = sourcecode.swift; path = TreeChecker.swift; sourceTree = "<group>"; };
		BB54D0AF1C1F0357008A462B /* TreeCollections.framework */ = {isa = PBXFileReference; explicitFileType = wrapper.framework; includeInIndex = 0; path = TreeCollections.framework; sourceTree = BUILT_PRODUCTS_DIR; };
		BB54D0B41C1F0357008A462B /* Info.plist */ = {isa = PBXFileReference; lastKnownFileType = text.plist.xml; path = Info.plist; sourceTree = "<group>"; };
		BB54D0B91C1F0357008A462B /* TreeCollectionsTests.xctest */ = {isa = PBXFileReference; explicitFileType = wrapper.cfbundle; includeInIndex = 0; path = TreeCollectionsTests.xctest; sourceTree = BUILT_PRODUCTS_DIR; };
		BB54D0BE1C1F0357008A462B /* BinaryTreeTests.swift */ = {isa = PBXFileReference; lastKnownFileType = sourcecode.swift; lineEnding = 0; path = BinaryTreeTests.swift; sourceTree = "<group>"; xcLanguageSpecificationIdentifier = xcode.lang.swift; };
		BB54D0C01C1F0357008A462B /* Info.plist */ = {isa = PBXFileReference; lastKnownFileType = text.plist.xml; path = Info.plist; sourceTree = "<group>"; };
		BB9AE4221C1F38B9002C5D63 /* SegmentedArray.swift */ = {isa = PBXFileReference; fileEncoding = 4; lastKnownFileType = sourcecode.swift; path = SegmentedArray.swift; sourceTree = "<group>"; };
		BB9AE4241C1F887D002C5D63 /* MapTests.swift */ = {isa = PBXFileReference; fileEncoding = 4; lastKnownFileType = sourcecode.swift; path = MapTests.swift; sourceTree = "<group>"; };
		BB9AE42D1C1FB57A002C5D63 /* PerformanceTests.swift */ = {isa = PBXFileReference; lastKnownFileType = sourcecode.swift; lineEnding = 0; path = PerformanceTests.swift; sourceTree = "<group>"; xcLanguageSpecificationIdentifier = xcode.lang.swift; };
		BB9AE42F1C1FB57A002C5D63 /* Info.plist */ = {isa = PBXFileReference; lastKnownFileType = text.plist.xml; path = Info.plist; sourceTree = "<group>"; };
		BB9AE43B1C1FCC35002C5D63 /* TreeCollections.framework */ = {isa = PBXFileReference; explicitFileType = wrapper.framework; includeInIndex = 0; path = TreeCollections.framework; sourceTree = BUILT_PRODUCTS_DIR; };
		BB9AE44C1C1FCE0B002C5D63 /* TreeCollectionsTests.xctest */ = {isa = PBXFileReference; explicitFileType = wrapper.cfbundle; includeInIndex = 0; path = TreeCollectionsTests.xctest; sourceTree = BUILT_PRODUCTS_DIR; };
		BB9AE45D1C1FCEB3002C5D63 /* PerformanceTests.xctest */ = {isa = PBXFileReference; explicitFileType = wrapper.cfbundle; includeInIndex = 0; path = PerformanceTests.xctest; sourceTree = BUILT_PRODUCTS_DIR; };
		BB9AE46F1C203A96002C5D63 /* SortedArray.swift */ = {isa = PBXFileReference; fileEncoding = 4; lastKnownFileType = sourcecode.swift; lineEnding = 0; path = SortedArray.swift; sourceTree = "<group>"; xcLanguageSpecificationIdentifier = xcode.lang.swift; };
		BB9AE4721C2041AC002C5D63 /* AssociativeCollectionType.swift */ = {isa = PBXFileReference; fileEncoding = 4; lastKnownFileType = sourcecode.swift; lineEnding = 0; path = AssociativeCollectionType.swift; sourceTree = "<group>"; xcLanguageSpecificationIdentifier = xcode.lang.swift; };
		BB9AE4771C2052E2002C5D63 /* SortedAssociativeCollectionType.swift */ = {isa = PBXFileReference; fileEncoding = 4; lastKnownFileType = sourcecode.swift; path = SortedAssociativeCollectionType.swift; sourceTree = "<group>"; };
		BB9AE47A1C20543A002C5D63 /* ArrayLikeCollectionType.swift */ = {isa = PBXFileReference; fileEncoding = 4; lastKnownFileType = sourcecode.swift; lineEnding = 0; path = ArrayLikeCollectionType.swift; sourceTree = "<group>"; xcLanguageSpecificationIdentifier = xcode.lang.swift; };
		BB9AE47D1C207303002C5D63 /* Package.swift */ = {isa = PBXFileReference; fileEncoding = 4; lastKnownFileType = sourcecode.swift; path = Package.swift; sourceTree = "<group>"; };
		BB9AE4801C20801E002C5D63 /* RBTreeTests.swift */ = {isa = PBXFileReference; fileEncoding = 4; lastKnownFileType = sourcecode.swift; path = RBTreeTests.swift; sourceTree = "<group>"; };
		BB9AE4831C20875D002C5D63 /* TestUtils.swift */ = {isa = PBXFileReference; fileEncoding = 4; lastKnownFileType = sourcecode.swift; path = TestUtils.swift; sourceTree = "<group>"; };
		BB9AE4881C20D243002C5D63 /* ListTests.swift */ = {isa = PBXFileReference; fileEncoding = 4; lastKnownFileType = sourcecode.swift; lineEnding = 0; path = ListTests.swift; sourceTree = "<group>"; xcLanguageSpecificationIdentifier = xcode.lang.swift; };
/* End PBXFileReference section */

/* Begin PBXFrameworksBuildPhase section */
		BB54D0AB1C1F0357008A462B /* Frameworks */ = {
			isa = PBXFrameworksBuildPhase;
			buildActionMask = 2147483647;
			files = (
			);
			runOnlyForDeploymentPostprocessing = 0;
		};
		BB54D0B61C1F0357008A462B /* Frameworks */ = {
			isa = PBXFrameworksBuildPhase;
			buildActionMask = 2147483647;
			files = (
				BB54D0BA1C1F0357008A462B /* TreeCollections.framework in Frameworks */,
			);
			runOnlyForDeploymentPostprocessing = 0;
		};
		BB9AE4371C1FCC35002C5D63 /* Frameworks */ = {
			isa = PBXFrameworksBuildPhase;
			buildActionMask = 2147483647;
			files = (
			);
			runOnlyForDeploymentPostprocessing = 0;
		};
		BB9AE4491C1FCE0B002C5D63 /* Frameworks */ = {
			isa = PBXFrameworksBuildPhase;
			buildActionMask = 2147483647;
			files = (
				BB9AE4511C1FCE0B002C5D63 /* TreeCollections.framework in Frameworks */,
			);
			runOnlyForDeploymentPostprocessing = 0;
		};
		BB9AE45A1C1FCEB3002C5D63 /* Frameworks */ = {
			isa = PBXFrameworksBuildPhase;
			buildActionMask = 2147483647;
			files = (
				BB9AE4621C1FCEB3002C5D63 /* TreeCollections.framework in Frameworks */,
			);
			runOnlyForDeploymentPostprocessing = 0;
		};
/* End PBXFrameworksBuildPhase section */

/* Begin PBXGroup section */
		BB54D0A51C1F0357008A462B = {
			isa = PBXGroup;
			children = (
				BB0D75D91C1F045C00538080 /* README.md */,
				BB9AE47D1C207303002C5D63 /* Package.swift */,
				BB54D0B11C1F0357008A462B /* Sources */,
				BB54D0BD1C1F0357008A462B /* Tests */,
				BB9AE42C1C1FB57A002C5D63 /* PerformanceTests */,
				BB54D0B01C1F0357008A462B /* Products */,
			);
			sourceTree = "<group>";
		};
		BB54D0B01C1F0357008A462B /* Products */ = {
			isa = PBXGroup;
			children = (
				BB54D0AF1C1F0357008A462B /* TreeCollections.framework */,
				BB54D0B91C1F0357008A462B /* TreeCollectionsTests.xctest */,
				BB9AE43B1C1FCC35002C5D63 /* TreeCollections.framework */,
				BB9AE44C1C1FCE0B002C5D63 /* TreeCollectionsTests.xctest */,
				BB9AE45D1C1FCEB3002C5D63 /* PerformanceTests.xctest */,
			);
			name = Products;
			sourceTree = "<group>";
		};
		BB54D0B11C1F0357008A462B /* Sources */ = {
			isa = PBXGroup;
			children = (
				BB9AE4721C2041AC002C5D63 /* AssociativeCollectionType.swift */,
				BB9AE4771C2052E2002C5D63 /* SortedAssociativeCollectionType.swift */,
				BB9AE47A1C20543A002C5D63 /* ArrayLikeCollectionType.swift */,
				BB9AE4221C1F38B9002C5D63 /* SegmentedArray.swift */,
				BB097FBB1C23A16700CB718A /* Summary.swift */,
				BB097FB61C236F1E00CB718A /* RedBlackConfig.swift */,
				BB097FAF1C23668600CB718A /* RedBlackTree.swift */,
				BB097FC61C25DDA700CB718A /* RedBlackTree descriptions.swift */,
				BB097FB21C236EFD00CB718A /* Map.swift */,
				BB097FB41C236F0500CB718A /* List.swift */,
				BB9AE46F1C203A96002C5D63 /* SortedArray.swift */,
				BB54D0B41C1F0357008A462B /* Info.plist */,
			);
			path = Sources;
			sourceTree = "<group>";
		};
		BB54D0BD1C1F0357008A462B /* Tests */ = {
			isa = PBXGroup;
			children = (
				BB9AE4831C20875D002C5D63 /* TestUtils.swift */,
				BB3EAAC81C26F6F10028E5A7 /* TreeDumper.swift */,
				BB3EAACB1C26F7F40028E5A7 /* TreeChecker.swift */,
				BB097FC81C25E65500CB718A /* RedBlackTreeTests.swift */,
				BB54D0BE1C1F0357008A462B /* BinaryTreeTests.swift */,
				BB9AE4801C20801E002C5D63 /* RBTreeTests.swift */,
				BB9AE4241C1F887D002C5D63 /* MapTests.swift */,
				BB9AE4881C20D243002C5D63 /* ListTests.swift */,
				BB54D0C01C1F0357008A462B /* Info.plist */,
			);
			path = Tests;
			sourceTree = "<group>";
		};
		BB9AE42C1C1FB57A002C5D63 /* PerformanceTests */ = {
			isa = PBXGroup;
			children = (
				BB9AE42D1C1FB57A002C5D63 /* PerformanceTests.swift */,
				BB9AE42F1C1FB57A002C5D63 /* Info.plist */,
			);
			path = PerformanceTests;
			sourceTree = "<group>";
		};
/* End PBXGroup section */

/* Begin PBXHeadersBuildPhase section */
		BB54D0AC1C1F0357008A462B /* Headers */ = {
			isa = PBXHeadersBuildPhase;
			buildActionMask = 2147483647;
			files = (
			);
			runOnlyForDeploymentPostprocessing = 0;
		};
		BB9AE4381C1FCC35002C5D63 /* Headers */ = {
			isa = PBXHeadersBuildPhase;
			buildActionMask = 2147483647;
			files = (
			);
			runOnlyForDeploymentPostprocessing = 0;
		};
/* End PBXHeadersBuildPhase section */

/* Begin PBXNativeTarget section */
		BB54D0AE1C1F0357008A462B /* iOS */ = {
			isa = PBXNativeTarget;
			buildConfigurationList = BB54D0C31C1F0357008A462B /* Build configuration list for PBXNativeTarget "iOS" */;
			buildPhases = (
				BB54D0AA1C1F0357008A462B /* Sources */,
				BB54D0AB1C1F0357008A462B /* Frameworks */,
				BB54D0AC1C1F0357008A462B /* Headers */,
				BB54D0AD1C1F0357008A462B /* Resources */,
			);
			buildRules = (
			);
			dependencies = (
			);
			name = iOS;
			productName = TreeCollections;
			productReference = BB54D0AF1C1F0357008A462B /* TreeCollections.framework */;
			productType = "com.apple.product-type.framework";
		};
		BB54D0B81C1F0357008A462B /* Tests-iOS */ = {
			isa = PBXNativeTarget;
			buildConfigurationList = BB54D0C61C1F0357008A462B /* Build configuration list for PBXNativeTarget "Tests-iOS" */;
			buildPhases = (
				BB54D0B51C1F0357008A462B /* Sources */,
				BB54D0B61C1F0357008A462B /* Frameworks */,
				BB54D0B71C1F0357008A462B /* Resources */,
			);
			buildRules = (
			);
			dependencies = (
				BB54D0BC1C1F0357008A462B /* PBXTargetDependency */,
			);
			name = "Tests-iOS";
			productName = TreeCollectionsTests;
			productReference = BB54D0B91C1F0357008A462B /* TreeCollectionsTests.xctest */;
			productType = "com.apple.product-type.bundle.unit-test";
		};
		BB9AE43A1C1FCC35002C5D63 /* Mac */ = {
			isa = PBXNativeTarget;
			buildConfigurationList = BB9AE4401C1FCC35002C5D63 /* Build configuration list for PBXNativeTarget "Mac" */;
			buildPhases = (
				BB9AE4361C1FCC35002C5D63 /* Sources */,
				BB9AE4371C1FCC35002C5D63 /* Frameworks */,
				BB9AE4381C1FCC35002C5D63 /* Headers */,
				BB9AE4391C1FCC35002C5D63 /* Resources */,
			);
			buildRules = (
			);
			dependencies = (
			);
			name = Mac;
			productName = "TreeCollections-OS X";
			productReference = BB9AE43B1C1FCC35002C5D63 /* TreeCollections.framework */;
			productType = "com.apple.product-type.framework";
		};
		BB9AE44B1C1FCE0B002C5D63 /* Tests-Mac */ = {
			isa = PBXNativeTarget;
			buildConfigurationList = BB9AE4541C1FCE0B002C5D63 /* Build configuration list for PBXNativeTarget "Tests-Mac" */;
			buildPhases = (
				BB9AE4481C1FCE0B002C5D63 /* Sources */,
				BB9AE4491C1FCE0B002C5D63 /* Frameworks */,
				BB9AE44A1C1FCE0B002C5D63 /* Resources */,
			);
			buildRules = (
			);
			dependencies = (
				BB9AE4531C1FCE0B002C5D63 /* PBXTargetDependency */,
			);
			name = "Tests-Mac";
			productName = TreeCollectionTests;
			productReference = BB9AE44C1C1FCE0B002C5D63 /* TreeCollectionsTests.xctest */;
			productType = "com.apple.product-type.bundle.unit-test";
		};
		BB9AE45C1C1FCEB3002C5D63 /* PerformanceTests-Mac */ = {
			isa = PBXNativeTarget;
			buildConfigurationList = BB9AE4651C1FCEB3002C5D63 /* Build configuration list for PBXNativeTarget "PerformanceTests-Mac" */;
			buildPhases = (
				BB9AE4591C1FCEB3002C5D63 /* Sources */,
				BB9AE45A1C1FCEB3002C5D63 /* Frameworks */,
				BB9AE45B1C1FCEB3002C5D63 /* Resources */,
			);
			buildRules = (
			);
			dependencies = (
				BB9AE4641C1FCEB3002C5D63 /* PBXTargetDependency */,
			);
			name = "PerformanceTests-Mac";
			productName = "PerformanceTests-Mac";
			productReference = BB9AE45D1C1FCEB3002C5D63 /* PerformanceTests.xctest */;
			productType = "com.apple.product-type.bundle.unit-test";
		};
/* End PBXNativeTarget section */

/* Begin PBXProject section */
		BB54D0A61C1F0357008A462B /* Project object */ = {
			isa = PBXProject;
			attributes = {
				LastSwiftUpdateCheck = 0720;
				LastUpgradeCheck = 0720;
				ORGANIZATIONNAME = "Károly Lőrentey";
				TargetAttributes = {
					BB54D0AE1C1F0357008A462B = {
						CreatedOnToolsVersion = 7.2;
					};
					BB54D0B81C1F0357008A462B = {
						CreatedOnToolsVersion = 7.2;
					};
					BB9AE43A1C1FCC35002C5D63 = {
						CreatedOnToolsVersion = 7.2;
					};
					BB9AE44B1C1FCE0B002C5D63 = {
						CreatedOnToolsVersion = 7.2;
					};
					BB9AE45C1C1FCEB3002C5D63 = {
						CreatedOnToolsVersion = 7.2;
					};
				};
			};
			buildConfigurationList = BB54D0A91C1F0357008A462B /* Build configuration list for PBXProject "TreeCollections" */;
			compatibilityVersion = "Xcode 3.2";
			developmentRegion = English;
			hasScannedForEncodings = 0;
			knownRegions = (
				en,
			);
			mainGroup = BB54D0A51C1F0357008A462B;
			productRefGroup = BB54D0B01C1F0357008A462B /* Products */;
			projectDirPath = "";
			projectRoot = "";
			targets = (
				BB54D0AE1C1F0357008A462B /* iOS */,
				BB9AE43A1C1FCC35002C5D63 /* Mac */,
				BB54D0B81C1F0357008A462B /* Tests-iOS */,
				BB9AE44B1C1FCE0B002C5D63 /* Tests-Mac */,
				BB9AE45C1C1FCEB3002C5D63 /* PerformanceTests-Mac */,
			);
		};
/* End PBXProject section */

/* Begin PBXResourcesBuildPhase section */
		BB54D0AD1C1F0357008A462B /* Resources */ = {
			isa = PBXResourcesBuildPhase;
			buildActionMask = 2147483647;
			files = (
			);
			runOnlyForDeploymentPostprocessing = 0;
		};
		BB54D0B71C1F0357008A462B /* Resources */ = {
			isa = PBXResourcesBuildPhase;
			buildActionMask = 2147483647;
			files = (
			);
			runOnlyForDeploymentPostprocessing = 0;
		};
		BB9AE4391C1FCC35002C5D63 /* Resources */ = {
			isa = PBXResourcesBuildPhase;
			buildActionMask = 2147483647;
			files = (
			);
			runOnlyForDeploymentPostprocessing = 0;
		};
		BB9AE44A1C1FCE0B002C5D63 /* Resources */ = {
			isa = PBXResourcesBuildPhase;
			buildActionMask = 2147483647;
			files = (
			);
			runOnlyForDeploymentPostprocessing = 0;
		};
		BB9AE45B1C1FCEB3002C5D63 /* Resources */ = {
			isa = PBXResourcesBuildPhase;
			buildActionMask = 2147483647;
			files = (
			);
			runOnlyForDeploymentPostprocessing = 0;
		};
/* End PBXResourcesBuildPhase section */

/* Begin PBXSourcesBuildPhase section */
		BB54D0AA1C1F0357008A462B /* Sources */ = {
			isa = PBXSourcesBuildPhase;
			buildActionMask = 2147483647;
			files = (
				BB097FB51C236F0500CB718A /* List.swift in Sources */,
				BB9AE4231C1F38B9002C5D63 /* SegmentedArray.swift in Sources */,
				BB097FC41C25C58600CB718A /* SortedArray.swift in Sources */,
				BB097FC21C25A58600CB718A /* SortedAssociativeCollectionType.swift in Sources */,
				BB097FB01C23668600CB718A /* RedBlackTree.swift in Sources */,
				BB097FB31C236EFD00CB718A /* Map.swift in Sources */,
				BB097FC31C25A58600CB718A /* ArrayLikeCollectionType.swift in Sources */,
				BB097FC71C25DDA700CB718A /* RedBlackTree descriptions.swift in Sources */,
				BB097FC11C25A58600CB718A /* AssociativeCollectionType.swift in Sources */,
				BB097FBC1C23A16700CB718A /* Summary.swift in Sources */,
				BB097FB71C236F1E00CB718A /* RedBlackConfig.swift in Sources */,
			);
			runOnlyForDeploymentPostprocessing = 0;
		};
		BB54D0B51C1F0357008A462B /* Sources */ = {
			isa = PBXSourcesBuildPhase;
			buildActionMask = 2147483647;
			files = (
				BB9AE4861C208762002C5D63 /* TestUtils.swift in Sources */,
				BB3EAACC1C26F7F40028E5A7 /* TreeChecker.swift in Sources */,
				BB097FC91C25E65500CB718A /* RedBlackTreeTests.swift in Sources */,
				BB3EAAC91C26F6F10028E5A7 /* TreeDumper.swift in Sources */,
			);
			runOnlyForDeploymentPostprocessing = 0;
		};
		BB9AE4361C1FCC35002C5D63 /* Sources */ = {
			isa = PBXSourcesBuildPhase;
			buildActionMask = 2147483647;
			files = (
				BB9AE4431C1FCD09002C5D63 /* SegmentedArray.swift in Sources */,
				BB097FB91C236F2200CB718A /* Map.swift in Sources */,
				BB097FC51C25C58700CB718A /* SortedArray.swift in Sources */,
				BB097FBF1C25A58500CB718A /* SortedAssociativeCollectionType.swift in Sources */,
				BB097FB11C236BAC00CB718A /* RedBlackTree.swift in Sources */,
				BB097FB81C236F2200CB718A /* RedBlackConfig.swift in Sources */,
				BB097FC01C25A58500CB718A /* ArrayLikeCollectionType.swift in Sources */,
				BB097FCB1C25F58400CB718A /* RedBlackTree descriptions.swift in Sources */,
				BB097FBE1C25A58500CB718A /* AssociativeCollectionType.swift in Sources */,
				BB097FBD1C23A1A400CB718A /* Summary.swift in Sources */,
				BB097FBA1C236F2200CB718A /* List.swift in Sources */,
			);
			runOnlyForDeploymentPostprocessing = 0;
		};
		BB9AE4481C1FCE0B002C5D63 /* Sources */ = {
			isa = PBXSourcesBuildPhase;
			buildActionMask = 2147483647;
			files = (
				BB9AE4871C208763002C5D63 /* TestUtils.swift in Sources */,
				BB3EAACD1C26F7F40028E5A7 /* TreeChecker.swift in Sources */,
				BB097FCA1C25E65500CB718A /* RedBlackTreeTests.swift in Sources */,
				BB3EAACA1C26F6F10028E5A7 /* TreeDumper.swift in Sources */,
			);
			runOnlyForDeploymentPostprocessing = 0;
		};
		BB9AE4591C1FCEB3002C5D63 /* Sources */ = {
			isa = PBXSourcesBuildPhase;
			buildActionMask = 2147483647;
			files = (
				BB9AE4681C1FCECF002C5D63 /* PerformanceTests.swift in Sources */,
			);
			runOnlyForDeploymentPostprocessing = 0;
		};
/* End PBXSourcesBuildPhase section */

/* Begin PBXTargetDependency section */
		BB54D0BC1C1F0357008A462B /* PBXTargetDependency */ = {
			isa = PBXTargetDependency;
			target = BB54D0AE1C1F0357008A462B /* iOS */;
			targetProxy = BB54D0BB1C1F0357008A462B /* PBXContainerItemProxy */;
		};
		BB9AE4531C1FCE0B002C5D63 /* PBXTargetDependency */ = {
			isa = PBXTargetDependency;
			target = BB9AE43A1C1FCC35002C5D63 /* Mac */;
			targetProxy = BB9AE4521C1FCE0B002C5D63 /* PBXContainerItemProxy */;
		};
		BB9AE4641C1FCEB3002C5D63 /* PBXTargetDependency */ = {
			isa = PBXTargetDependency;
			target = BB9AE43A1C1FCC35002C5D63 /* Mac */;
			targetProxy = BB9AE4631C1FCEB3002C5D63 /* PBXContainerItemProxy */;
		};
/* End PBXTargetDependency section */

/* Begin XCBuildConfiguration section */
		BB54D0C11C1F0357008A462B /* Debug */ = {
			isa = XCBuildConfiguration;
			buildSettings = {
				ALWAYS_SEARCH_USER_PATHS = NO;
				CLANG_CXX_LANGUAGE_STANDARD = "gnu++0x";
				CLANG_CXX_LIBRARY = "libc++";
				CLANG_ENABLE_MODULES = YES;
				CLANG_ENABLE_OBJC_ARC = YES;
				CLANG_WARN_BOOL_CONVERSION = YES;
				CLANG_WARN_CONSTANT_CONVERSION = YES;
				CLANG_WARN_DIRECT_OBJC_ISA_USAGE = YES_ERROR;
				CLANG_WARN_EMPTY_BODY = YES;
				CLANG_WARN_ENUM_CONVERSION = YES;
				CLANG_WARN_INT_CONVERSION = YES;
				CLANG_WARN_OBJC_ROOT_CLASS = YES_ERROR;
				CLANG_WARN_UNREACHABLE_CODE = YES;
				CLANG_WARN__DUPLICATE_METHOD_MATCH = YES;
				"CODE_SIGN_IDENTITY[sdk=iphoneos*]" = "iPhone Developer";
				COPY_PHASE_STRIP = NO;
				CURRENT_PROJECT_VERSION = 1;
				DEBUG_INFORMATION_FORMAT = dwarf;
				ENABLE_STRICT_OBJC_MSGSEND = YES;
				ENABLE_TESTABILITY = YES;
				GCC_C_LANGUAGE_STANDARD = gnu99;
				GCC_DYNAMIC_NO_PIC = NO;
				GCC_NO_COMMON_BLOCKS = YES;
				GCC_OPTIMIZATION_LEVEL = 0;
				GCC_PREPROCESSOR_DEFINITIONS = (
					"DEBUG=1",
					"$(inherited)",
				);
				GCC_WARN_64_TO_32_BIT_CONVERSION = YES;
				GCC_WARN_ABOUT_RETURN_TYPE = YES_ERROR;
				GCC_WARN_UNDECLARED_SELECTOR = YES;
				GCC_WARN_UNINITIALIZED_AUTOS = YES_AGGRESSIVE;
				GCC_WARN_UNUSED_FUNCTION = YES;
				GCC_WARN_UNUSED_VARIABLE = YES;
				IPHONEOS_DEPLOYMENT_TARGET = 9.2;
				MTL_ENABLE_DEBUG_INFO = YES;
				ONLY_ACTIVE_ARCH = YES;
				SDKROOT = iphoneos;
				SWIFT_OPTIMIZATION_LEVEL = "-Onone";
				TARGETED_DEVICE_FAMILY = "1,2";
				VERSIONING_SYSTEM = "apple-generic";
				VERSION_INFO_PREFIX = "";
			};
			name = Debug;
		};
		BB54D0C21C1F0357008A462B /* Release */ = {
			isa = XCBuildConfiguration;
			buildSettings = {
				ALWAYS_SEARCH_USER_PATHS = NO;
				CLANG_CXX_LANGUAGE_STANDARD = "gnu++0x";
				CLANG_CXX_LIBRARY = "libc++";
				CLANG_ENABLE_MODULES = YES;
				CLANG_ENABLE_OBJC_ARC = YES;
				CLANG_WARN_BOOL_CONVERSION = YES;
				CLANG_WARN_CONSTANT_CONVERSION = YES;
				CLANG_WARN_DIRECT_OBJC_ISA_USAGE = YES_ERROR;
				CLANG_WARN_EMPTY_BODY = YES;
				CLANG_WARN_ENUM_CONVERSION = YES;
				CLANG_WARN_INT_CONVERSION = YES;
				CLANG_WARN_OBJC_ROOT_CLASS = YES_ERROR;
				CLANG_WARN_UNREACHABLE_CODE = YES;
				CLANG_WARN__DUPLICATE_METHOD_MATCH = YES;
				"CODE_SIGN_IDENTITY[sdk=iphoneos*]" = "iPhone Developer";
				COPY_PHASE_STRIP = NO;
				CURRENT_PROJECT_VERSION = 1;
				DEBUG_INFORMATION_FORMAT = "dwarf-with-dsym";
				ENABLE_NS_ASSERTIONS = NO;
				ENABLE_STRICT_OBJC_MSGSEND = YES;
				GCC_C_LANGUAGE_STANDARD = gnu99;
				GCC_NO_COMMON_BLOCKS = YES;
				GCC_WARN_64_TO_32_BIT_CONVERSION = YES;
				GCC_WARN_ABOUT_RETURN_TYPE = YES_ERROR;
				GCC_WARN_UNDECLARED_SELECTOR = YES;
				GCC_WARN_UNINITIALIZED_AUTOS = YES_AGGRESSIVE;
				GCC_WARN_UNUSED_FUNCTION = YES;
				GCC_WARN_UNUSED_VARIABLE = YES;
				IPHONEOS_DEPLOYMENT_TARGET = 9.2;
				MTL_ENABLE_DEBUG_INFO = NO;
				SDKROOT = iphoneos;
				SWIFT_OPTIMIZATION_LEVEL = "-Owholemodule";
				TARGETED_DEVICE_FAMILY = "1,2";
				VALIDATE_PRODUCT = YES;
				VERSIONING_SYSTEM = "apple-generic";
				VERSION_INFO_PREFIX = "";
			};
			name = Release;
		};
		BB54D0C41C1F0357008A462B /* Debug */ = {
			isa = XCBuildConfiguration;
			buildSettings = {
				APPLICATION_EXTENSION_API_ONLY = YES;
				CLANG_ENABLE_MODULES = YES;
				DEFINES_MODULE = YES;
				DYLIB_COMPATIBILITY_VERSION = 1;
				DYLIB_CURRENT_VERSION = 1;
				DYLIB_INSTALL_NAME_BASE = "@rpath";
				INFOPLIST_FILE = Sources/Info.plist;
				INSTALL_PATH = "$(LOCAL_LIBRARY_DIR)/Frameworks";
				LD_RUNPATH_SEARCH_PATHS = "$(inherited) @executable_path/Frameworks @loader_path/Frameworks";
				PRODUCT_BUNDLE_IDENTIFIER = com.github.lorentey.TreeCollections.iOS;
				PRODUCT_NAME = TreeCollections;
				SKIP_INSTALL = YES;
			};
			name = Debug;
		};
		BB54D0C51C1F0357008A462B /* Release */ = {
			isa = XCBuildConfiguration;
			buildSettings = {
				APPLICATION_EXTENSION_API_ONLY = YES;
				CLANG_ENABLE_MODULES = YES;
				DEFINES_MODULE = YES;
				DYLIB_COMPATIBILITY_VERSION = 1;
				DYLIB_CURRENT_VERSION = 1;
				DYLIB_INSTALL_NAME_BASE = "@rpath";
				INFOPLIST_FILE = Sources/Info.plist;
				INSTALL_PATH = "$(LOCAL_LIBRARY_DIR)/Frameworks";
				LD_RUNPATH_SEARCH_PATHS = "$(inherited) @executable_path/Frameworks @loader_path/Frameworks";
				PRODUCT_BUNDLE_IDENTIFIER = com.github.lorentey.TreeCollections.iOS;
				PRODUCT_NAME = TreeCollections;
				SKIP_INSTALL = YES;
			};
			name = Release;
		};
		BB54D0C71C1F0357008A462B /* Debug */ = {
			isa = XCBuildConfiguration;
			buildSettings = {
				INFOPLIST_FILE = Tests/Info.plist;
				LD_RUNPATH_SEARCH_PATHS = "$(inherited) @executable_path/Frameworks @loader_path/Frameworks";
				PRODUCT_BUNDLE_IDENTIFIER = com.github.lorentey.TreeCollections.TreeCollectionsTests;
				PRODUCT_NAME = TreeCollectionsTests;
			};
			name = Debug;
		};
		BB54D0C81C1F0357008A462B /* Release */ = {
			isa = XCBuildConfiguration;
			buildSettings = {
				INFOPLIST_FILE = Tests/Info.plist;
				LD_RUNPATH_SEARCH_PATHS = "$(inherited) @executable_path/Frameworks @loader_path/Frameworks";
				PRODUCT_BUNDLE_IDENTIFIER = com.github.lorentey.TreeCollections.TreeCollectionsTests;
				PRODUCT_NAME = TreeCollectionsTests;
			};
			name = Release;
		};
		BB9AE4411C1FCC35002C5D63 /* Debug */ = {
			isa = XCBuildConfiguration;
			buildSettings = {
				APPLICATION_EXTENSION_API_ONLY = YES;
				CODE_SIGN_IDENTITY = "-";
				COMBINE_HIDPI_IMAGES = YES;
				DEFINES_MODULE = YES;
				DYLIB_COMPATIBILITY_VERSION = 1;
				DYLIB_CURRENT_VERSION = 1;
				DYLIB_INSTALL_NAME_BASE = "@rpath";
				FRAMEWORK_VERSION = A;
				INFOPLIST_FILE = Sources/Info.plist;
				INSTALL_PATH = "$(LOCAL_LIBRARY_DIR)/Frameworks";
				LD_RUNPATH_SEARCH_PATHS = "$(inherited) @executable_path/../Frameworks @loader_path/Frameworks";
				MACOSX_DEPLOYMENT_TARGET = 10.11;
				PRODUCT_BUNDLE_IDENTIFIER = com.github.lorentey.TreeCollections.Mac;
				PRODUCT_NAME = TreeCollections;
				SDKROOT = macosx;
				SKIP_INSTALL = YES;
			};
			name = Debug;
		};
		BB9AE4421C1FCC35002C5D63 /* Release */ = {
			isa = XCBuildConfiguration;
			buildSettings = {
				APPLICATION_EXTENSION_API_ONLY = YES;
				CODE_SIGN_IDENTITY = "-";
				COMBINE_HIDPI_IMAGES = YES;
				DEFINES_MODULE = YES;
				DYLIB_COMPATIBILITY_VERSION = 1;
				DYLIB_CURRENT_VERSION = 1;
				DYLIB_INSTALL_NAME_BASE = "@rpath";
				FRAMEWORK_VERSION = A;
				INFOPLIST_FILE = Sources/Info.plist;
				INSTALL_PATH = "$(LOCAL_LIBRARY_DIR)/Frameworks";
				LD_RUNPATH_SEARCH_PATHS = "$(inherited) @executable_path/../Frameworks @loader_path/Frameworks";
				MACOSX_DEPLOYMENT_TARGET = 10.11;
				PRODUCT_BUNDLE_IDENTIFIER = com.github.lorentey.TreeCollections.Mac;
				PRODUCT_NAME = TreeCollections;
				SDKROOT = macosx;
				SKIP_INSTALL = YES;
			};
			name = Release;
		};
		BB9AE4551C1FCE0B002C5D63 /* Debug */ = {
			isa = XCBuildConfiguration;
			buildSettings = {
				CODE_SIGN_IDENTITY = "-";
				COMBINE_HIDPI_IMAGES = YES;
				INFOPLIST_FILE = Tests/Info.plist;
				LD_RUNPATH_SEARCH_PATHS = "$(inherited) @executable_path/../Frameworks @loader_path/../Frameworks";
				MACOSX_DEPLOYMENT_TARGET = 10.11;
				PRODUCT_BUNDLE_IDENTIFIER = com.github.lorentey.TreeCollections.TreeCollectionTests;
				PRODUCT_NAME = TreeCollectionsTests;
				SDKROOT = macosx;
			};
			name = Debug;
		};
		BB9AE4561C1FCE0B002C5D63 /* Release */ = {
			isa = XCBuildConfiguration;
			buildSettings = {
				CODE_SIGN_IDENTITY = "-";
				COMBINE_HIDPI_IMAGES = YES;
				INFOPLIST_FILE = Tests/Info.plist;
				LD_RUNPATH_SEARCH_PATHS = "$(inherited) @executable_path/../Frameworks @loader_path/../Frameworks";
				MACOSX_DEPLOYMENT_TARGET = 10.11;
				PRODUCT_BUNDLE_IDENTIFIER = com.github.lorentey.TreeCollections.TreeCollectionTests;
				PRODUCT_NAME = TreeCollectionsTests;
				SDKROOT = macosx;
			};
			name = Release;
		};
		BB9AE4661C1FCEB3002C5D63 /* Debug */ = {
			isa = XCBuildConfiguration;
			buildSettings = {
				CODE_SIGN_IDENTITY = "-";
				COMBINE_HIDPI_IMAGES = YES;
				INFOPLIST_FILE = PerformanceTests/Info.plist;
				LD_RUNPATH_SEARCH_PATHS = "$(inherited) @executable_path/../Frameworks @loader_path/../Frameworks";
				MACOSX_DEPLOYMENT_TARGET = 10.11;
				PRODUCT_BUNDLE_IDENTIFIER = "com.github.lorentey.TreeCollections.PerformanceTests-Mac";
				PRODUCT_NAME = PerformanceTests;
				SDKROOT = macosx;
			};
			name = Debug;
		};
		BB9AE4671C1FCEB3002C5D63 /* Release */ = {
			isa = XCBuildConfiguration;
			buildSettings = {
				CODE_SIGN_IDENTITY = "-";
				COMBINE_HIDPI_IMAGES = YES;
				INFOPLIST_FILE = PerformanceTests/Info.plist;
				LD_RUNPATH_SEARCH_PATHS = "$(inherited) @executable_path/../Frameworks @loader_path/../Frameworks";
				MACOSX_DEPLOYMENT_TARGET = 10.11;
				PRODUCT_BUNDLE_IDENTIFIER = "com.github.lorentey.TreeCollections.PerformanceTests-Mac";
				PRODUCT_NAME = PerformanceTests;
				SDKROOT = macosx;
			};
			name = Release;
		};
		BB9AE4691C203A23002C5D63 /* Profile */ = {
			isa = XCBuildConfiguration;
			buildSettings = {
				ALWAYS_SEARCH_USER_PATHS = NO;
				CLANG_CXX_LANGUAGE_STANDARD = "gnu++0x";
				CLANG_CXX_LIBRARY = "libc++";
				CLANG_ENABLE_MODULES = YES;
				CLANG_ENABLE_OBJC_ARC = YES;
				CLANG_WARN_BOOL_CONVERSION = YES;
				CLANG_WARN_CONSTANT_CONVERSION = YES;
				CLANG_WARN_DIRECT_OBJC_ISA_USAGE = YES_ERROR;
				CLANG_WARN_EMPTY_BODY = YES;
				CLANG_WARN_ENUM_CONVERSION = YES;
				CLANG_WARN_INT_CONVERSION = YES;
				CLANG_WARN_OBJC_ROOT_CLASS = YES_ERROR;
				CLANG_WARN_UNREACHABLE_CODE = YES;
				CLANG_WARN__DUPLICATE_METHOD_MATCH = YES;
				"CODE_SIGN_IDENTITY[sdk=iphoneos*]" = "iPhone Developer";
				COPY_PHASE_STRIP = NO;
				CURRENT_PROJECT_VERSION = 1;
				DEBUG_INFORMATION_FORMAT = "dwarf-with-dsym";
				ENABLE_NS_ASSERTIONS = NO;
				ENABLE_STRICT_OBJC_MSGSEND = YES;
				ENABLE_TESTABILITY = YES;
				GCC_C_LANGUAGE_STANDARD = gnu99;
				GCC_NO_COMMON_BLOCKS = YES;
				GCC_WARN_64_TO_32_BIT_CONVERSION = YES;
				GCC_WARN_ABOUT_RETURN_TYPE = YES_ERROR;
				GCC_WARN_UNDECLARED_SELECTOR = YES;
				GCC_WARN_UNINITIALIZED_AUTOS = YES_AGGRESSIVE;
				GCC_WARN_UNUSED_FUNCTION = YES;
				GCC_WARN_UNUSED_VARIABLE = YES;
				IPHONEOS_DEPLOYMENT_TARGET = 9.2;
				MTL_ENABLE_DEBUG_INFO = NO;
				SDKROOT = iphoneos;
				SWIFT_OPTIMIZATION_LEVEL = "-Owholemodule";
				TARGETED_DEVICE_FAMILY = "1,2";
				VALIDATE_PRODUCT = YES;
				VERSIONING_SYSTEM = "apple-generic";
				VERSION_INFO_PREFIX = "";
			};
			name = Profile;
		};
		BB9AE46A1C203A23002C5D63 /* Profile */ = {
			isa = XCBuildConfiguration;
			buildSettings = {
				APPLICATION_EXTENSION_API_ONLY = YES;
				CLANG_ENABLE_MODULES = YES;
				DEFINES_MODULE = YES;
				DYLIB_COMPATIBILITY_VERSION = 1;
				DYLIB_CURRENT_VERSION = 1;
				DYLIB_INSTALL_NAME_BASE = "@rpath";
				INFOPLIST_FILE = Sources/Info.plist;
				INSTALL_PATH = "$(LOCAL_LIBRARY_DIR)/Frameworks";
				LD_RUNPATH_SEARCH_PATHS = "$(inherited) @executable_path/Frameworks @loader_path/Frameworks";
				PRODUCT_BUNDLE_IDENTIFIER = com.github.lorentey.TreeCollections.iOS;
				PRODUCT_NAME = TreeCollections;
				SKIP_INSTALL = YES;
			};
			name = Profile;
		};
		BB9AE46B1C203A23002C5D63 /* Profile */ = {
			isa = XCBuildConfiguration;
			buildSettings = {
				APPLICATION_EXTENSION_API_ONLY = YES;
				CODE_SIGN_IDENTITY = "-";
				COMBINE_HIDPI_IMAGES = YES;
				DEFINES_MODULE = YES;
				DYLIB_COMPATIBILITY_VERSION = 1;
				DYLIB_CURRENT_VERSION = 1;
				DYLIB_INSTALL_NAME_BASE = "@rpath";
				FRAMEWORK_VERSION = A;
				INFOPLIST_FILE = Sources/Info.plist;
				INSTALL_PATH = "$(LOCAL_LIBRARY_DIR)/Frameworks";
				LD_RUNPATH_SEARCH_PATHS = "$(inherited) @executable_path/../Frameworks @loader_path/Frameworks";
				MACOSX_DEPLOYMENT_TARGET = 10.11;
				PRODUCT_BUNDLE_IDENTIFIER = com.github.lorentey.TreeCollections.Mac;
				PRODUCT_NAME = TreeCollections;
				SDKROOT = macosx;
				SKIP_INSTALL = YES;
			};
			name = Profile;
		};
		BB9AE46C1C203A23002C5D63 /* Profile */ = {
			isa = XCBuildConfiguration;
			buildSettings = {
				INFOPLIST_FILE = Tests/Info.plist;
				LD_RUNPATH_SEARCH_PATHS = "$(inherited) @executable_path/Frameworks @loader_path/Frameworks";
				PRODUCT_BUNDLE_IDENTIFIER = com.github.lorentey.TreeCollections.TreeCollectionsTests;
				PRODUCT_NAME = TreeCollectionsTests;
			};
			name = Profile;
		};
		BB9AE46D1C203A23002C5D63 /* Profile */ = {
			isa = XCBuildConfiguration;
			buildSettings = {
				CODE_SIGN_IDENTITY = "-";
				COMBINE_HIDPI_IMAGES = YES;
				INFOPLIST_FILE = Tests/Info.plist;
				LD_RUNPATH_SEARCH_PATHS = "$(inherited) @executable_path/../Frameworks @loader_path/../Frameworks";
				MACOSX_DEPLOYMENT_TARGET = 10.11;
				PRODUCT_BUNDLE_IDENTIFIER = com.github.lorentey.TreeCollections.TreeCollectionTests;
				PRODUCT_NAME = TreeCollectionsTests;
				SDKROOT = macosx;
			};
			name = Profile;
		};
		BB9AE46E1C203A23002C5D63 /* Profile */ = {
			isa = XCBuildConfiguration;
			buildSettings = {
				CODE_SIGN_IDENTITY = "-";
				COMBINE_HIDPI_IMAGES = YES;
				INFOPLIST_FILE = PerformanceTests/Info.plist;
				LD_RUNPATH_SEARCH_PATHS = "$(inherited) @executable_path/../Frameworks @loader_path/../Frameworks";
				MACOSX_DEPLOYMENT_TARGET = 10.11;
				PRODUCT_BUNDLE_IDENTIFIER = "com.github.lorentey.TreeCollections.PerformanceTests-Mac";
				PRODUCT_NAME = PerformanceTests;
				SDKROOT = macosx;
			};
			name = Profile;
		};
/* End XCBuildConfiguration section */

/* Begin XCConfigurationList section */
		BB54D0A91C1F0357008A462B /* Build configuration list for PBXProject "TreeCollections" */ = {
			isa = XCConfigurationList;
			buildConfigurations = (
				BB54D0C11C1F0357008A462B /* Debug */,
				BB54D0C21C1F0357008A462B /* Release */,
				BB9AE4691C203A23002C5D63 /* Profile */,
			);
			defaultConfigurationIsVisible = 0;
			defaultConfigurationName = Release;
		};
		BB54D0C31C1F0357008A462B /* Build configuration list for PBXNativeTarget "iOS" */ = {
			isa = XCConfigurationList;
			buildConfigurations = (
				BB54D0C41C1F0357008A462B /* Debug */,
				BB54D0C51C1F0357008A462B /* Release */,
				BB9AE46A1C203A23002C5D63 /* Profile */,
			);
			defaultConfigurationIsVisible = 0;
			defaultConfigurationName = Release;
		};
		BB54D0C61C1F0357008A462B /* Build configuration list for PBXNativeTarget "Tests-iOS" */ = {
			isa = XCConfigurationList;
			buildConfigurations = (
				BB54D0C71C1F0357008A462B /* Debug */,
				BB54D0C81C1F0357008A462B /* Release */,
				BB9AE46C1C203A23002C5D63 /* Profile */,
			);
			defaultConfigurationIsVisible = 0;
			defaultConfigurationName = Release;
		};
		BB9AE4401C1FCC35002C5D63 /* Build configuration list for PBXNativeTarget "Mac" */ = {
			isa = XCConfigurationList;
			buildConfigurations = (
				BB9AE4411C1FCC35002C5D63 /* Debug */,
				BB9AE4421C1FCC35002C5D63 /* Release */,
				BB9AE46B1C203A23002C5D63 /* Profile */,
			);
			defaultConfigurationIsVisible = 0;
			defaultConfigurationName = Release;
		};
		BB9AE4541C1FCE0B002C5D63 /* Build configuration list for PBXNativeTarget "Tests-Mac" */ = {
			isa = XCConfigurationList;
			buildConfigurations = (
				BB9AE4551C1FCE0B002C5D63 /* Debug */,
				BB9AE4561C1FCE0B002C5D63 /* Release */,
				BB9AE46D1C203A23002C5D63 /* Profile */,
			);
			defaultConfigurationIsVisible = 0;
			defaultConfigurationName = Release;
		};
		BB9AE4651C1FCEB3002C5D63 /* Build configuration list for PBXNativeTarget "PerformanceTests-Mac" */ = {
			isa = XCConfigurationList;
			buildConfigurations = (
				BB9AE4661C1FCEB3002C5D63 /* Debug */,
				BB9AE4671C1FCEB3002C5D63 /* Release */,
				BB9AE46E1C203A23002C5D63 /* Profile */,
			);
			defaultConfigurationIsVisible = 0;
			defaultConfigurationName = Release;
		};
/* End XCConfigurationList section */
	};
	rootObject = BB54D0A61C1F0357008A462B /* Project object */;
}
