// !$*UTF8*$!
{
	archiveVersion = 1;
	classes = {
	};
	objectVersion = 46;
	objects = {

/* Begin PBXBuildFile section */
		BB1747571C289539002C929C /* Permutations.swift in Sources */ = {isa = PBXBuildFile; fileRef = BB17474A1C289539002C929C /* Permutations.swift */; };
		BB1747581C289539002C929C /* Permutations.swift in Sources */ = {isa = PBXBuildFile; fileRef = BB17474A1C289539002C929C /* Permutations.swift */; };
		BB17475A1C289539002C929C /* PermutationTests.swift in Sources */ = {isa = PBXBuildFile; fileRef = BB17474B1C289539002C929C /* PermutationTests.swift */; };
		BB17475B1C289539002C929C /* PermutationTests.swift in Sources */ = {isa = PBXBuildFile; fileRef = BB17474B1C289539002C929C /* PermutationTests.swift */; };
		BB17475D1C289539002C929C /* Random.swift in Sources */ = {isa = PBXBuildFile; fileRef = BB17474C1C289539002C929C /* Random.swift */; };
		BB17475E1C289539002C929C /* Random.swift in Sources */ = {isa = PBXBuildFile; fileRef = BB17474C1C289539002C929C /* Random.swift */; };
		BB1747781C2897F8002C929C /* XCTest extensions.swift in Sources */ = {isa = PBXBuildFile; fileRef = BB1747771C2897F8002C929C /* XCTest extensions.swift */; };
		BB1747791C2897F8002C929C /* XCTest extensions.swift in Sources */ = {isa = PBXBuildFile; fileRef = BB1747771C2897F8002C929C /* XCTest extensions.swift */; };
		BB1F888E1D91BB2000974C2F /* BridgedListTests.swift in Sources */ = {isa = PBXBuildFile; fileRef = BB1F888D1D91BB2000974C2F /* BridgedListTests.swift */; };
		BB1F888F1D91BB2000974C2F /* BridgedListTests.swift in Sources */ = {isa = PBXBuildFile; fileRef = BB1F888D1D91BB2000974C2F /* BridgedListTests.swift */; };
		BB1F88901D91BB2000974C2F /* BridgedListTests.swift in Sources */ = {isa = PBXBuildFile; fileRef = BB1F888D1D91BB2000974C2F /* BridgedListTests.swift */; };
		BB338C8A1DD27D2F00BB401D /* BTree.framework in Frameworks */ = {isa = PBXBuildFile; fileRef = BB9AE43B1C1FCC35002C5D63 /* BTree.framework */; };
		BB338C961DD27EE600BB401D /* IterationTests.swift in Sources */ = {isa = PBXBuildFile; fileRef = BB338C931DD27EE200BB401D /* IterationTests.swift */; };
		BB54D0BA1C1F0357008A462B /* BTree.framework in Frameworks */ = {isa = PBXBuildFile; fileRef = BB54D0AF1C1F0357008A462B /* BTree.framework */; };
		BB5B27C61C807C6200ED8D38 /* BTreePathTests.swift in Sources */ = {isa = PBXBuildFile; fileRef = BB5B27C51C807C6200ED8D38 /* BTreePathTests.swift */; };
		BB5B27C71C807C6200ED8D38 /* BTreePathTests.swift in Sources */ = {isa = PBXBuildFile; fileRef = BB5B27C51C807C6200ED8D38 /* BTreePathTests.swift */; };
		BB5B27C81C807C6200ED8D38 /* BTreePathTests.swift in Sources */ = {isa = PBXBuildFile; fileRef = BB5B27C51C807C6200ED8D38 /* BTreePathTests.swift */; };
		BB5B27D51C83B99800ED8D38 /* BTreeBuilderTests.swift in Sources */ = {isa = PBXBuildFile; fileRef = BB5B27D41C83B99800ED8D38 /* BTreeBuilderTests.swift */; };
		BB5B27D61C83B99900ED8D38 /* BTreeBuilderTests.swift in Sources */ = {isa = PBXBuildFile; fileRef = BB5B27D41C83B99800ED8D38 /* BTreeBuilderTests.swift */; };
		BB5B27D71C83B99900ED8D38 /* BTreeBuilderTests.swift in Sources */ = {isa = PBXBuildFile; fileRef = BB5B27D41C83B99800ED8D38 /* BTreeBuilderTests.swift */; };
		BB5B27D91C83DAE400ED8D38 /* BTreeMergeTests.swift in Sources */ = {isa = PBXBuildFile; fileRef = BB5B27D81C83DAE400ED8D38 /* BTreeMergeTests.swift */; };
		BB5B27DA1C83DAE400ED8D38 /* BTreeMergeTests.swift in Sources */ = {isa = PBXBuildFile; fileRef = BB5B27D81C83DAE400ED8D38 /* BTreeMergeTests.swift */; };
		BB5B27DB1C83DAE400ED8D38 /* BTreeMergeTests.swift in Sources */ = {isa = PBXBuildFile; fileRef = BB5B27D81C83DAE400ED8D38 /* BTreeMergeTests.swift */; };
		BB7773871C6CA08B00991A06 /* Weak.swift in Sources */ = {isa = PBXBuildFile; fileRef = BB7773861C6CA08B00991A06 /* Weak.swift */; };
		BB7773881C6CA08B00991A06 /* Weak.swift in Sources */ = {isa = PBXBuildFile; fileRef = BB7773861C6CA08B00991A06 /* Weak.swift */; };
		BB8FE9A31C7C8D720051268F /* Weak.swift in Sources */ = {isa = PBXBuildFile; fileRef = BB7773861C6CA08B00991A06 /* Weak.swift */; };
		BB8FE9BA1C7C8E0F0051268F /* BTree.framework in Frameworks */ = {isa = PBXBuildFile; fileRef = BB8FE9B01C7C8E0E0051268F /* BTree.framework */; };
		BB8FE9CB1C7C8F6B0051268F /* Weak.swift in Sources */ = {isa = PBXBuildFile; fileRef = BB7773861C6CA08B00991A06 /* Weak.swift */; };
		BB8FE9D31C7C8F730051268F /* BTreeTestSupport.swift in Sources */ = {isa = PBXBuildFile; fileRef = BBB224DA1C7B9BAA0049FEF6 /* BTreeTestSupport.swift */; };
		BB8FE9D41C7C8F730051268F /* BTreeNodeTests.swift in Sources */ = {isa = PBXBuildFile; fileRef = BBB224D81C7B9BAA0049FEF6 /* BTreeNodeTests.swift */; };
		BB8FE9D51C7C8F730051268F /* BTreeCursorTests.swift in Sources */ = {isa = PBXBuildFile; fileRef = BBB224D71C7B9BAA0049FEF6 /* BTreeCursorTests.swift */; };
		BB8FE9D61C7C8F730051268F /* BTreeTests.swift in Sources */ = {isa = PBXBuildFile; fileRef = BBB224D91C7B9BAA0049FEF6 /* BTreeTests.swift */; };
		BB8FE9D71C7C8F730051268F /* MapTests.swift in Sources */ = {isa = PBXBuildFile; fileRef = BBB224DC1C7B9BAA0049FEF6 /* MapTests.swift */; };
		BB8FE9D81C7C8F730051268F /* ListTests.swift in Sources */ = {isa = PBXBuildFile; fileRef = BBB224DB1C7B9BAA0049FEF6 /* ListTests.swift */; };
		BB8FE9D91C7C8F730051268F /* Random.swift in Sources */ = {isa = PBXBuildFile; fileRef = BB17474C1C289539002C929C /* Random.swift */; };
		BB8FE9DA1C7C8F730051268F /* Permutations.swift in Sources */ = {isa = PBXBuildFile; fileRef = BB17474A1C289539002C929C /* Permutations.swift */; };
		BB8FE9DB1C7C8F730051268F /* PermutationTests.swift in Sources */ = {isa = PBXBuildFile; fileRef = BB17474B1C289539002C929C /* PermutationTests.swift */; };
		BB8FE9DC1C7C8F730051268F /* String Manipulation.swift in Sources */ = {isa = PBXBuildFile; fileRef = BBCABF9B1C2ECF8900825BF5 /* String Manipulation.swift */; };
		BB8FE9DD1C7C8F730051268F /* XCTest extensions.swift in Sources */ = {isa = PBXBuildFile; fileRef = BB1747771C2897F8002C929C /* XCTest extensions.swift */; };
		BB9AE4511C1FCE0B002C5D63 /* BTree.framework in Frameworks */ = {isa = PBXBuildFile; fileRef = BB9AE43B1C1FCC35002C5D63 /* BTree.framework */; };
		BBB224E31C7B9ED60049FEF6 /* BTreeTestSupport.swift in Sources */ = {isa = PBXBuildFile; fileRef = BBB224DA1C7B9BAA0049FEF6 /* BTreeTestSupport.swift */; };
		BBB224E41C7B9ED60049FEF6 /* BTreeNodeTests.swift in Sources */ = {isa = PBXBuildFile; fileRef = BBB224D81C7B9BAA0049FEF6 /* BTreeNodeTests.swift */; };
		BBB224E51C7B9ED60049FEF6 /* BTreeCursorTests.swift in Sources */ = {isa = PBXBuildFile; fileRef = BBB224D71C7B9BAA0049FEF6 /* BTreeCursorTests.swift */; };
		BBB224E61C7B9ED60049FEF6 /* BTreeTests.swift in Sources */ = {isa = PBXBuildFile; fileRef = BBB224D91C7B9BAA0049FEF6 /* BTreeTests.swift */; };
		BBB224E71C7B9ED60049FEF6 /* MapTests.swift in Sources */ = {isa = PBXBuildFile; fileRef = BBB224DC1C7B9BAA0049FEF6 /* MapTests.swift */; };
		BBB224E81C7B9ED60049FEF6 /* ListTests.swift in Sources */ = {isa = PBXBuildFile; fileRef = BBB224DB1C7B9BAA0049FEF6 /* ListTests.swift */; };
		BBB224E91C7B9ED60049FEF6 /* BTreeTestSupport.swift in Sources */ = {isa = PBXBuildFile; fileRef = BBB224DA1C7B9BAA0049FEF6 /* BTreeTestSupport.swift */; };
		BBB224EA1C7B9ED60049FEF6 /* BTreeNodeTests.swift in Sources */ = {isa = PBXBuildFile; fileRef = BBB224D81C7B9BAA0049FEF6 /* BTreeNodeTests.swift */; };
		BBB224EB1C7B9ED60049FEF6 /* BTreeCursorTests.swift in Sources */ = {isa = PBXBuildFile; fileRef = BBB224D71C7B9BAA0049FEF6 /* BTreeCursorTests.swift */; };
		BBB224EC1C7B9ED60049FEF6 /* BTreeTests.swift in Sources */ = {isa = PBXBuildFile; fileRef = BBB224D91C7B9BAA0049FEF6 /* BTreeTests.swift */; };
		BBB224ED1C7B9ED60049FEF6 /* MapTests.swift in Sources */ = {isa = PBXBuildFile; fileRef = BBB224DC1C7B9BAA0049FEF6 /* MapTests.swift */; };
		BBB224EE1C7B9ED60049FEF6 /* ListTests.swift in Sources */ = {isa = PBXBuildFile; fileRef = BBB224DB1C7B9BAA0049FEF6 /* ListTests.swift */; };
		BBB506351DCF6EB300D0FC8E /* SortedBagTests.swift in Sources */ = {isa = PBXBuildFile; fileRef = BBB506301DCF6EAD00D0FC8E /* SortedBagTests.swift */; };
		BBB506361DCF6EB300D0FC8E /* SortedBagTests.swift in Sources */ = {isa = PBXBuildFile; fileRef = BBB506301DCF6EAD00D0FC8E /* SortedBagTests.swift */; };
		BBB506371DCF6EB400D0FC8E /* SortedBagTests.swift in Sources */ = {isa = PBXBuildFile; fileRef = BBB506301DCF6EAD00D0FC8E /* SortedBagTests.swift */; };
		BBB506391DD0D13A00D0FC8E /* BTree.swift in Sources */ = {isa = PBXBuildFile; fileRef = BBB506381DD0D13A00D0FC8E /* BTree.swift */; };
		BBB5063A1DD0D13A00D0FC8E /* BTree.swift in Sources */ = {isa = PBXBuildFile; fileRef = BBB506381DD0D13A00D0FC8E /* BTree.swift */; };
		BBB5063B1DD0D13A00D0FC8E /* BTree.swift in Sources */ = {isa = PBXBuildFile; fileRef = BBB506381DD0D13A00D0FC8E /* BTree.swift */; };
		BBB5063C1DD0D13A00D0FC8E /* BTree.swift in Sources */ = {isa = PBXBuildFile; fileRef = BBB506381DD0D13A00D0FC8E /* BTree.swift */; };
		BBB506411DD0D15400D0FC8E /* BTreeCursor.swift in Sources */ = {isa = PBXBuildFile; fileRef = BBB5063D1DD0D15400D0FC8E /* BTreeCursor.swift */; };
		BBB506421DD0D15400D0FC8E /* BTreeCursor.swift in Sources */ = {isa = PBXBuildFile; fileRef = BBB5063D1DD0D15400D0FC8E /* BTreeCursor.swift */; };
		BBB506431DD0D15400D0FC8E /* BTreeCursor.swift in Sources */ = {isa = PBXBuildFile; fileRef = BBB5063D1DD0D15400D0FC8E /* BTreeCursor.swift */; };
		BBB506441DD0D15400D0FC8E /* BTreeCursor.swift in Sources */ = {isa = PBXBuildFile; fileRef = BBB5063D1DD0D15400D0FC8E /* BTreeCursor.swift */; };
		BBB506451DD0D15400D0FC8E /* BTreeIndex.swift in Sources */ = {isa = PBXBuildFile; fileRef = BBB5063E1DD0D15400D0FC8E /* BTreeIndex.swift */; };
		BBB506461DD0D15400D0FC8E /* BTreeIndex.swift in Sources */ = {isa = PBXBuildFile; fileRef = BBB5063E1DD0D15400D0FC8E /* BTreeIndex.swift */; };
		BBB506471DD0D15400D0FC8E /* BTreeIndex.swift in Sources */ = {isa = PBXBuildFile; fileRef = BBB5063E1DD0D15400D0FC8E /* BTreeIndex.swift */; };
		BBB506481DD0D15400D0FC8E /* BTreeIndex.swift in Sources */ = {isa = PBXBuildFile; fileRef = BBB5063E1DD0D15400D0FC8E /* BTreeIndex.swift */; };
		BBB506491DD0D15400D0FC8E /* BTreeIterator.swift in Sources */ = {isa = PBXBuildFile; fileRef = BBB5063F1DD0D15400D0FC8E /* BTreeIterator.swift */; };
		BBB5064A1DD0D15400D0FC8E /* BTreeIterator.swift in Sources */ = {isa = PBXBuildFile; fileRef = BBB5063F1DD0D15400D0FC8E /* BTreeIterator.swift */; };
		BBB5064B1DD0D15400D0FC8E /* BTreeIterator.swift in Sources */ = {isa = PBXBuildFile; fileRef = BBB5063F1DD0D15400D0FC8E /* BTreeIterator.swift */; };
		BBB5064C1DD0D15400D0FC8E /* BTreeIterator.swift in Sources */ = {isa = PBXBuildFile; fileRef = BBB5063F1DD0D15400D0FC8E /* BTreeIterator.swift */; };
		BBB5064D1DD0D15400D0FC8E /* BTreePath.swift in Sources */ = {isa = PBXBuildFile; fileRef = BBB506401DD0D15400D0FC8E /* BTreePath.swift */; };
		BBB5064E1DD0D15400D0FC8E /* BTreePath.swift in Sources */ = {isa = PBXBuildFile; fileRef = BBB506401DD0D15400D0FC8E /* BTreePath.swift */; };
		BBB5064F1DD0D15400D0FC8E /* BTreePath.swift in Sources */ = {isa = PBXBuildFile; fileRef = BBB506401DD0D15400D0FC8E /* BTreePath.swift */; };
		BBB506501DD0D15400D0FC8E /* BTreePath.swift in Sources */ = {isa = PBXBuildFile; fileRef = BBB506401DD0D15400D0FC8E /* BTreePath.swift */; };
		BBB506521DD0D16600D0FC8E /* BTreeNode.swift in Sources */ = {isa = PBXBuildFile; fileRef = BBB506511DD0D16600D0FC8E /* BTreeNode.swift */; };
		BBB506531DD0D16600D0FC8E /* BTreeNode.swift in Sources */ = {isa = PBXBuildFile; fileRef = BBB506511DD0D16600D0FC8E /* BTreeNode.swift */; };
		BBB506541DD0D16600D0FC8E /* BTreeNode.swift in Sources */ = {isa = PBXBuildFile; fileRef = BBB506511DD0D16600D0FC8E /* BTreeNode.swift */; };
		BBB506551DD0D16600D0FC8E /* BTreeNode.swift in Sources */ = {isa = PBXBuildFile; fileRef = BBB506511DD0D16600D0FC8E /* BTreeNode.swift */; };
		BBB506591DD0D17700D0FC8E /* BTreeBuilder.swift in Sources */ = {isa = PBXBuildFile; fileRef = BBB506561DD0D17700D0FC8E /* BTreeBuilder.swift */; };
		BBB5065A1DD0D17700D0FC8E /* BTreeBuilder.swift in Sources */ = {isa = PBXBuildFile; fileRef = BBB506561DD0D17700D0FC8E /* BTreeBuilder.swift */; };
		BBB5065B1DD0D17700D0FC8E /* BTreeBuilder.swift in Sources */ = {isa = PBXBuildFile; fileRef = BBB506561DD0D17700D0FC8E /* BTreeBuilder.swift */; };
		BBB5065C1DD0D17700D0FC8E /* BTreeBuilder.swift in Sources */ = {isa = PBXBuildFile; fileRef = BBB506561DD0D17700D0FC8E /* BTreeBuilder.swift */; };
		BBB5065D1DD0D17700D0FC8E /* BTreeComparisons.swift in Sources */ = {isa = PBXBuildFile; fileRef = BBB506571DD0D17700D0FC8E /* BTreeComparisons.swift */; };
		BBB5065E1DD0D17700D0FC8E /* BTreeComparisons.swift in Sources */ = {isa = PBXBuildFile; fileRef = BBB506571DD0D17700D0FC8E /* BTreeComparisons.swift */; };
		BBB5065F1DD0D17700D0FC8E /* BTreeComparisons.swift in Sources */ = {isa = PBXBuildFile; fileRef = BBB506571DD0D17700D0FC8E /* BTreeComparisons.swift */; };
		BBB506601DD0D17700D0FC8E /* BTreeComparisons.swift in Sources */ = {isa = PBXBuildFile; fileRef = BBB506571DD0D17700D0FC8E /* BTreeComparisons.swift */; };
		BBB506611DD0D17700D0FC8E /* BTreeMerger.swift in Sources */ = {isa = PBXBuildFile; fileRef = BBB506581DD0D17700D0FC8E /* BTreeMerger.swift */; };
		BBB506621DD0D17700D0FC8E /* BTreeMerger.swift in Sources */ = {isa = PBXBuildFile; fileRef = BBB506581DD0D17700D0FC8E /* BTreeMerger.swift */; };
		BBB506631DD0D17700D0FC8E /* BTreeMerger.swift in Sources */ = {isa = PBXBuildFile; fileRef = BBB506581DD0D17700D0FC8E /* BTreeMerger.swift */; };
		BBB506641DD0D17700D0FC8E /* BTreeMerger.swift in Sources */ = {isa = PBXBuildFile; fileRef = BBB506581DD0D17700D0FC8E /* BTreeMerger.swift */; };
		BBB506691DD0D18400D0FC8E /* List.swift in Sources */ = {isa = PBXBuildFile; fileRef = BBB506651DD0D18400D0FC8E /* List.swift */; };
		BBB5066A1DD0D18400D0FC8E /* List.swift in Sources */ = {isa = PBXBuildFile; fileRef = BBB506651DD0D18400D0FC8E /* List.swift */; };
		BBB5066B1DD0D18400D0FC8E /* List.swift in Sources */ = {isa = PBXBuildFile; fileRef = BBB506651DD0D18400D0FC8E /* List.swift */; };
		BBB5066C1DD0D18400D0FC8E /* List.swift in Sources */ = {isa = PBXBuildFile; fileRef = BBB506651DD0D18400D0FC8E /* List.swift */; };
		BBB5066D1DD0D18400D0FC8E /* Map.swift in Sources */ = {isa = PBXBuildFile; fileRef = BBB506661DD0D18400D0FC8E /* Map.swift */; };
		BBB5066E1DD0D18400D0FC8E /* Map.swift in Sources */ = {isa = PBXBuildFile; fileRef = BBB506661DD0D18400D0FC8E /* Map.swift */; };
		BBB5066F1DD0D18400D0FC8E /* Map.swift in Sources */ = {isa = PBXBuildFile; fileRef = BBB506661DD0D18400D0FC8E /* Map.swift */; };
		BBB506701DD0D18400D0FC8E /* Map.swift in Sources */ = {isa = PBXBuildFile; fileRef = BBB506661DD0D18400D0FC8E /* Map.swift */; };
		BBB506711DD0D18400D0FC8E /* SortedBag.swift in Sources */ = {isa = PBXBuildFile; fileRef = BBB506671DD0D18400D0FC8E /* SortedBag.swift */; };
		BBB506721DD0D18400D0FC8E /* SortedBag.swift in Sources */ = {isa = PBXBuildFile; fileRef = BBB506671DD0D18400D0FC8E /* SortedBag.swift */; };
		BBB506731DD0D18400D0FC8E /* SortedBag.swift in Sources */ = {isa = PBXBuildFile; fileRef = BBB506671DD0D18400D0FC8E /* SortedBag.swift */; };
		BBB506741DD0D18400D0FC8E /* SortedBag.swift in Sources */ = {isa = PBXBuildFile; fileRef = BBB506671DD0D18400D0FC8E /* SortedBag.swift */; };
		BBB506751DD0D18400D0FC8E /* SortedSet.swift in Sources */ = {isa = PBXBuildFile; fileRef = BBB506681DD0D18400D0FC8E /* SortedSet.swift */; };
		BBB506761DD0D18400D0FC8E /* SortedSet.swift in Sources */ = {isa = PBXBuildFile; fileRef = BBB506681DD0D18400D0FC8E /* SortedSet.swift */; };
		BBB506771DD0D18400D0FC8E /* SortedSet.swift in Sources */ = {isa = PBXBuildFile; fileRef = BBB506681DD0D18400D0FC8E /* SortedSet.swift */; };
		BBB506781DD0D18400D0FC8E /* SortedSet.swift in Sources */ = {isa = PBXBuildFile; fileRef = BBB506681DD0D18400D0FC8E /* SortedSet.swift */; };
		BBB5067A1DD0D18D00D0FC8E /* BridgedList.swift in Sources */ = {isa = PBXBuildFile; fileRef = BBB506791DD0D18D00D0FC8E /* BridgedList.swift */; };
		BBB5067B1DD0D18D00D0FC8E /* BridgedList.swift in Sources */ = {isa = PBXBuildFile; fileRef = BBB506791DD0D18D00D0FC8E /* BridgedList.swift */; };
		BBB5067C1DD0D18D00D0FC8E /* BridgedList.swift in Sources */ = {isa = PBXBuildFile; fileRef = BBB506791DD0D18D00D0FC8E /* BridgedList.swift */; };
		BBB5067D1DD0D18D00D0FC8E /* BridgedList.swift in Sources */ = {isa = PBXBuildFile; fileRef = BBB506791DD0D18D00D0FC8E /* BridgedList.swift */; };
		BBB5067F1DD0D19600D0FC8E /* Compatibility.swift in Sources */ = {isa = PBXBuildFile; fileRef = BBB5067E1DD0D19600D0FC8E /* Compatibility.swift */; };
		BBB506801DD0D19600D0FC8E /* Compatibility.swift in Sources */ = {isa = PBXBuildFile; fileRef = BBB5067E1DD0D19600D0FC8E /* Compatibility.swift */; };
		BBB506811DD0D19600D0FC8E /* Compatibility.swift in Sources */ = {isa = PBXBuildFile; fileRef = BBB5067E1DD0D19600D0FC8E /* Compatibility.swift */; };
		BBB506821DD0D19600D0FC8E /* Compatibility.swift in Sources */ = {isa = PBXBuildFile; fileRef = BBB5067E1DD0D19600D0FC8E /* Compatibility.swift */; };
		BBCABF9C1C2ECF8900825BF5 /* String Manipulation.swift in Sources */ = {isa = PBXBuildFile; fileRef = BBCABF9B1C2ECF8900825BF5 /* String Manipulation.swift */; };
		BBCABF9D1C2ECF8900825BF5 /* String Manipulation.swift in Sources */ = {isa = PBXBuildFile; fileRef = BBCABF9B1C2ECF8900825BF5 /* String Manipulation.swift */; };
		BBCB23EA1C8A022B00A6E276 /* BTreeComparisonTests.swift in Sources */ = {isa = PBXBuildFile; fileRef = BBCB23E91C8A022B00A6E276 /* BTreeComparisonTests.swift */; };
		BBCB23EB1C8A022B00A6E276 /* BTreeComparisonTests.swift in Sources */ = {isa = PBXBuildFile; fileRef = BBCB23E91C8A022B00A6E276 /* BTreeComparisonTests.swift */; };
		BBCB23EC1C8A022B00A6E276 /* BTreeComparisonTests.swift in Sources */ = {isa = PBXBuildFile; fileRef = BBCB23E91C8A022B00A6E276 /* BTreeComparisonTests.swift */; };
		BBCB23EE1C8A510000A6E276 /* SortedSetTests.swift in Sources */ = {isa = PBXBuildFile; fileRef = BBCB23ED1C8A510000A6E276 /* SortedSetTests.swift */; };
		BBCB23EF1C8A510000A6E276 /* SortedSetTests.swift in Sources */ = {isa = PBXBuildFile; fileRef = BBCB23ED1C8A510000A6E276 /* SortedSetTests.swift */; };
		BBCB23F01C8A510000A6E276 /* SortedSetTests.swift in Sources */ = {isa = PBXBuildFile; fileRef = BBCB23ED1C8A510000A6E276 /* SortedSetTests.swift */; };
/* End PBXBuildFile section */

/* Begin PBXContainerItemProxy section */
		BB338C8B1DD27D2F00BB401D /* PBXContainerItemProxy */ = {
			isa = PBXContainerItemProxy;
			containerPortal = BB54D0A61C1F0357008A462B /* Project object */;
			proxyType = 1;
			remoteGlobalIDString = BB9AE43A1C1FCC35002C5D63;
			remoteInfo = Mac;
		};
		BB54D0BB1C1F0357008A462B /* PBXContainerItemProxy */ = {
			isa = PBXContainerItemProxy;
			containerPortal = BB54D0A61C1F0357008A462B /* Project object */;
			proxyType = 1;
			remoteGlobalIDString = BB54D0AE1C1F0357008A462B;
			remoteInfo = TreeCollections;
		};
		BB8FE9BB1C7C8E0F0051268F /* PBXContainerItemProxy */ = {
			isa = PBXContainerItemProxy;
			containerPortal = BB54D0A61C1F0357008A462B /* Project object */;
			proxyType = 1;
			remoteGlobalIDString = BB8FE9AF1C7C8E0E0051268F;
			remoteInfo = "BTree-tvOS";
		};
		BB9AE4521C1FCE0B002C5D63 /* PBXContainerItemProxy */ = {
			isa = PBXContainerItemProxy;
			containerPortal = BB54D0A61C1F0357008A462B /* Project object */;
			proxyType = 1;
			remoteGlobalIDString = BB9AE43A1C1FCC35002C5D63;
			remoteInfo = "OS X";
		};
/* End PBXContainerItemProxy section */

/* Begin PBXFileReference section */
		BB0ACC711C7C7E66000C0B98 /* BTree.podspec */ = {isa = PBXFileReference; lastKnownFileType = text; path = BTree.podspec; sourceTree = "<group>"; };
		BB0D75D91C1F045C00538080 /* README.md */ = {isa = PBXFileReference; fileEncoding = 4; lastKnownFileType = net.daringfireball.markdown; lineEnding = 0; path = README.md; sourceTree = "<group>"; xcLanguageSpecificationIdentifier = xcode.lang.markdown; };
		BB17474A1C289539002C929C /* Permutations.swift */ = {isa = PBXFileReference; fileEncoding = 4; lastKnownFileType = sourcecode.swift; path = Permutations.swift; sourceTree = "<group>"; };
		BB17474B1C289539002C929C /* PermutationTests.swift */ = {isa = PBXFileReference; fileEncoding = 4; lastKnownFileType = sourcecode.swift; path = PermutationTests.swift; sourceTree = "<group>"; };
		BB17474C1C289539002C929C /* Random.swift */ = {isa = PBXFileReference; fileEncoding = 4; lastKnownFileType = sourcecode.swift; path = Random.swift; sourceTree = "<group>"; };
		BB1747771C2897F8002C929C /* XCTest extensions.swift */ = {isa = PBXFileReference; fileEncoding = 4; lastKnownFileType = sourcecode.swift; path = "XCTest extensions.swift"; sourceTree = "<group>"; };
		BB1F888D1D91BB2000974C2F /* BridgedListTests.swift */ = {isa = PBXFileReference; fileEncoding = 4; lastKnownFileType = sourcecode.swift; path = BridgedListTests.swift; sourceTree = "<group>"; };
		BB338C851DD27D2F00BB401D /* PerformanceTests.xctest */ = {isa = PBXFileReference; explicitFileType = wrapper.cfbundle; includeInIndex = 0; path = PerformanceTests.xctest; sourceTree = BUILT_PRODUCTS_DIR; };
		BB338C921DD27EE200BB401D /* Info.plist */ = {isa = PBXFileReference; fileEncoding = 4; lastKnownFileType = text.plist.xml; path = Info.plist; sourceTree = "<group>"; };
		BB338C931DD27EE200BB401D /* IterationTests.swift */ = {isa = PBXFileReference; fileEncoding = 4; lastKnownFileType = sourcecode.swift; path = IterationTests.swift; sourceTree = "<group>"; };
		BB471D9D1DA58D5B002550B0 /* .codecov.yml */ = {isa = PBXFileReference; lastKnownFileType = text; path = .codecov.yml; sourceTree = "<group>"; };
		BB54D0AF1C1F0357008A462B /* BTree.framework */ = {isa = PBXFileReference; explicitFileType = wrapper.framework; includeInIndex = 0; path = BTree.framework; sourceTree = BUILT_PRODUCTS_DIR; };
		BB54D0B41C1F0357008A462B /* Info.plist */ = {isa = PBXFileReference; lastKnownFileType = text.plist.xml; path = Info.plist; sourceTree = "<group>"; };
		BB54D0B91C1F0357008A462B /* BTreeTests.xctest */ = {isa = PBXFileReference; explicitFileType = wrapper.cfbundle; includeInIndex = 0; path = BTreeTests.xctest; sourceTree = BUILT_PRODUCTS_DIR; };
		BB54D0C01C1F0357008A462B /* Info.plist */ = {isa = PBXFileReference; lastKnownFileType = text.plist.xml; path = Info.plist; sourceTree = "<group>"; };
		BB5B27C51C807C6200ED8D38 /* BTreePathTests.swift */ = {isa = PBXFileReference; fileEncoding = 4; lastKnownFileType = sourcecode.swift; lineEnding = 0; path = BTreePathTests.swift; sourceTree = "<group>"; xcLanguageSpecificationIdentifier = xcode.lang.swift; };
		BB5B27D41C83B99800ED8D38 /* BTreeBuilderTests.swift */ = {isa = PBXFileReference; fileEncoding = 4; lastKnownFileType = sourcecode.swift; path = BTreeBuilderTests.swift; sourceTree = "<group>"; };
		BB5B27D81C83DAE400ED8D38 /* BTreeMergeTests.swift */ = {isa = PBXFileReference; fileEncoding = 4; lastKnownFileType = sourcecode.swift; lineEnding = 0; path = BTreeMergeTests.swift; sourceTree = "<group>"; xcLanguageSpecificationIdentifier = xcode.lang.swift; };
		BB7773861C6CA08B00991A06 /* Weak.swift */ = {isa = PBXFileReference; fileEncoding = 4; lastKnownFileType = sourcecode.swift; path = Weak.swift; sourceTree = "<group>"; };
		BB8FE9931C7C8BB70051268F /* version.xcconfig */ = {isa = PBXFileReference; lastKnownFileType = text.xcconfig; path = version.xcconfig; sourceTree = "<group>"; };
		BB8FE9991C7C8CDC0051268F /* BTree.framework */ = {isa = PBXFileReference; explicitFileType = wrapper.framework; includeInIndex = 0; path = BTree.framework; sourceTree = BUILT_PRODUCTS_DIR; };
		BB8FE9B01C7C8E0E0051268F /* BTree.framework */ = {isa = PBXFileReference; explicitFileType = wrapper.framework; includeInIndex = 0; path = BTree.framework; sourceTree = BUILT_PRODUCTS_DIR; };
		BB8FE9B91C7C8E0E0051268F /* BTreeTests.xctest */ = {isa = PBXFileReference; explicitFileType = wrapper.cfbundle; includeInIndex = 0; path = BTreeTests.xctest; sourceTree = BUILT_PRODUCTS_DIR; };
		BB9AE43B1C1FCC35002C5D63 /* BTree.framework */ = {isa = PBXFileReference; explicitFileType = wrapper.framework; includeInIndex = 0; path = BTree.framework; sourceTree = BUILT_PRODUCTS_DIR; };
		BB9AE44C1C1FCE0B002C5D63 /* BTreeTests.xctest */ = {isa = PBXFileReference; explicitFileType = wrapper.cfbundle; includeInIndex = 0; path = BTreeTests.xctest; sourceTree = BUILT_PRODUCTS_DIR; };
		BB9AE47D1C207303002C5D63 /* Package.swift */ = {isa = PBXFileReference; fileEncoding = 4; lastKnownFileType = sourcecode.swift; path = Package.swift; sourceTree = "<group>"; };
		BBA55CD51C7E525700455736 /* generate-docs.sh */ = {isa = PBXFileReference; lastKnownFileType = text.script.sh; path = "generate-docs.sh"; sourceTree = "<group>"; };
		BBB224D71C7B9BAA0049FEF6 /* BTreeCursorTests.swift */ = {isa = PBXFileReference; fileEncoding = 4; lastKnownFileType = sourcecode.swift; lineEnding = 0; path = BTreeCursorTests.swift; sourceTree = "<group>"; xcLanguageSpecificationIdentifier = xcode.lang.swift; };
		BBB224D81C7B9BAA0049FEF6 /* BTreeNodeTests.swift */ = {isa = PBXFileReference; fileEncoding = 4; lastKnownFileType = sourcecode.swift; lineEnding = 0; path = BTreeNodeTests.swift; sourceTree = "<group>"; xcLanguageSpecificationIdentifier = xcode.lang.swift; };
		BBB224D91C7B9BAA0049FEF6 /* BTreeTests.swift */ = {isa = PBXFileReference; fileEncoding = 4; lastKnownFileType = sourcecode.swift; lineEnding = 0; path = BTreeTests.swift; sourceTree = "<group>"; xcLanguageSpecificationIdentifier = xcode.lang.swift; };
		BBB224DA1C7B9BAA0049FEF6 /* BTreeTestSupport.swift */ = {isa = PBXFileReference; fileEncoding = 4; lastKnownFileType = sourcecode.swift; lineEnding = 0; path = BTreeTestSupport.swift; sourceTree = "<group>"; xcLanguageSpecificationIdentifier = xcode.lang.swift; };
		BBB224DB1C7B9BAA0049FEF6 /* ListTests.swift */ = {isa = PBXFileReference; fileEncoding = 4; lastKnownFileType = sourcecode.swift; lineEnding = 0; path = ListTests.swift; sourceTree = "<group>"; xcLanguageSpecificationIdentifier = xcode.lang.swift; };
		BBB224DC1C7B9BAA0049FEF6 /* MapTests.swift */ = {isa = PBXFileReference; fileEncoding = 4; lastKnownFileType = sourcecode.swift; lineEnding = 0; path = MapTests.swift; sourceTree = "<group>"; xcLanguageSpecificationIdentifier = xcode.lang.swift; };
		BBB224EF1C7BA09B0049FEF6 /* LICENSE.md */ = {isa = PBXFileReference; lastKnownFileType = net.daringfireball.markdown; path = LICENSE.md; sourceTree = "<group>"; };
		BBB506301DCF6EAD00D0FC8E /* SortedBagTests.swift */ = {isa = PBXFileReference; fileEncoding = 4; lastKnownFileType = sourcecode.swift; path = SortedBagTests.swift; sourceTree = "<group>"; };
		BBB506381DD0D13A00D0FC8E /* BTree.swift */ = {isa = PBXFileReference; fileEncoding = 4; lastKnownFileType = sourcecode.swift; path = BTree.swift; sourceTree = "<group>"; };
		BBB5063D1DD0D15400D0FC8E /* BTreeCursor.swift */ = {isa = PBXFileReference; fileEncoding = 4; lastKnownFileType = sourcecode.swift; path = BTreeCursor.swift; sourceTree = "<group>"; };
		BBB5063E1DD0D15400D0FC8E /* BTreeIndex.swift */ = {isa = PBXFileReference; fileEncoding = 4; lastKnownFileType = sourcecode.swift; path = BTreeIndex.swift; sourceTree = "<group>"; };
		BBB5063F1DD0D15400D0FC8E /* BTreeIterator.swift */ = {isa = PBXFileReference; fileEncoding = 4; lastKnownFileType = sourcecode.swift; path = BTreeIterator.swift; sourceTree = "<group>"; };
		BBB506401DD0D15400D0FC8E /* BTreePath.swift */ = {isa = PBXFileReference; fileEncoding = 4; lastKnownFileType = sourcecode.swift; path = BTreePath.swift; sourceTree = "<group>"; };
		BBB506511DD0D16600D0FC8E /* BTreeNode.swift */ = {isa = PBXFileReference; fileEncoding = 4; lastKnownFileType = sourcecode.swift; path = BTreeNode.swift; sourceTree = "<group>"; };
		BBB506561DD0D17700D0FC8E /* BTreeBuilder.swift */ = {isa = PBXFileReference; fileEncoding = 4; lastKnownFileType = sourcecode.swift; path = BTreeBuilder.swift; sourceTree = "<group>"; };
		BBB506571DD0D17700D0FC8E /* BTreeComparisons.swift */ = {isa = PBXFileReference; fileEncoding = 4; lastKnownFileType = sourcecode.swift; path = BTreeComparisons.swift; sourceTree = "<group>"; };
		BBB506581DD0D17700D0FC8E /* BTreeMerger.swift */ = {isa = PBXFileReference; fileEncoding = 4; lastKnownFileType = sourcecode.swift; path = BTreeMerger.swift; sourceTree = "<group>"; };
		BBB506651DD0D18400D0FC8E /* List.swift */ = {isa = PBXFileReference; fileEncoding = 4; lastKnownFileType = sourcecode.swift; path = List.swift; sourceTree = "<group>"; };
		BBB506661DD0D18400D0FC8E /* Map.swift */ = {isa = PBXFileReference; fileEncoding = 4; lastKnownFileType = sourcecode.swift; path = Map.swift; sourceTree = "<group>"; };
		BBB506671DD0D18400D0FC8E /* SortedBag.swift */ = {isa = PBXFileReference; fileEncoding = 4; lastKnownFileType = sourcecode.swift; path = SortedBag.swift; sourceTree = "<group>"; };
		BBB506681DD0D18400D0FC8E /* SortedSet.swift */ = {isa = PBXFileReference; fileEncoding = 4; lastKnownFileType = sourcecode.swift; path = SortedSet.swift; sourceTree = "<group>"; };
		BBB506791DD0D18D00D0FC8E /* BridgedList.swift */ = {isa = PBXFileReference; fileEncoding = 4; lastKnownFileType = sourcecode.swift; path = BridgedList.swift; sourceTree = "<group>"; };
		BBB5067E1DD0D19600D0FC8E /* Compatibility.swift */ = {isa = PBXFileReference; fileEncoding = 4; lastKnownFileType = sourcecode.swift; path = Compatibility.swift; sourceTree = "<group>"; };
		BBB506831DD0D91C00D0FC8E /* CHANGELOG.md */ = {isa = PBXFileReference; lastKnownFileType = net.daringfireball.markdown; path = CHANGELOG.md; sourceTree = "<group>"; };
		BBBA30481C4946660019830F /* .travis.yml */ = {isa = PBXFileReference; lastKnownFileType = text; path = .travis.yml; sourceTree = "<group>"; };
		BBCABF9B1C2ECF8900825BF5 /* String Manipulation.swift */ = {isa = PBXFileReference; fileEncoding = 4; lastKnownFileType = sourcecode.swift; path = "String Manipulation.swift"; sourceTree = "<group>"; };
		BBCB23E91C8A022B00A6E276 /* BTreeComparisonTests.swift */ = {isa = PBXFileReference; fileEncoding = 4; lastKnownFileType = sourcecode.swift; lineEnding = 0; path = BTreeComparisonTests.swift; sourceTree = "<group>"; xcLanguageSpecificationIdentifier = xcode.lang.swift; };
		BBCB23ED1C8A510000A6E276 /* SortedSetTests.swift */ = {isa = PBXFileReference; fileEncoding = 4; lastKnownFileType = sourcecode.swift; lineEnding = 0; path = SortedSetTests.swift; sourceTree = "<group>"; xcLanguageSpecificationIdentifier = xcode.lang.swift; };
/* End PBXFileReference section */

/* Begin PBXFrameworksBuildPhase section */
		BB338C821DD27D2F00BB401D /* Frameworks */ = {
			isa = PBXFrameworksBuildPhase;
			buildActionMask = 2147483647;
			files = (
				BB338C8A1DD27D2F00BB401D /* BTree.framework in Frameworks */,
			);
			runOnlyForDeploymentPostprocessing = 0;
		};
		BB54D0AB1C1F0357008A462B /* Frameworks */ = {
			isa = PBXFrameworksBuildPhase;
			buildActionMask = 2147483647;
			files = (
			);
			runOnlyForDeploymentPostprocessing = 0;
		};
		BB54D0B61C1F0357008A462B /* Frameworks */ = {
			isa = PBXFrameworksBuildPhase;
			buildActionMask = 2147483647;
			files = (
				BB54D0BA1C1F0357008A462B /* BTree.framework in Frameworks */,
			);
			runOnlyForDeploymentPostprocessing = 0;
		};
		BB8FE9951C7C8CDC0051268F /* Frameworks */ = {
			isa = PBXFrameworksBuildPhase;
			buildActionMask = 2147483647;
			files = (
			);
			runOnlyForDeploymentPostprocessing = 0;
		};
		BB8FE9AC1C7C8E0E0051268F /* Frameworks */ = {
			isa = PBXFrameworksBuildPhase;
			buildActionMask = 2147483647;
			files = (
			);
			runOnlyForDeploymentPostprocessing = 0;
		};
		BB8FE9B61C7C8E0E0051268F /* Frameworks */ = {
			isa = PBXFrameworksBuildPhase;
			buildActionMask = 2147483647;
			files = (
				BB8FE9BA1C7C8E0F0051268F /* BTree.framework in Frameworks */,
			);
			runOnlyForDeploymentPostprocessing = 0;
		};
		BB9AE4371C1FCC35002C5D63 /* Frameworks */ = {
			isa = PBXFrameworksBuildPhase;
			buildActionMask = 2147483647;
			files = (
			);
			runOnlyForDeploymentPostprocessing = 0;
		};
		BB9AE4491C1FCE0B002C5D63 /* Frameworks */ = {
			isa = PBXFrameworksBuildPhase;
			buildActionMask = 2147483647;
			files = (
				BB9AE4511C1FCE0B002C5D63 /* BTree.framework in Frameworks */,
			);
			runOnlyForDeploymentPostprocessing = 0;
		};
/* End PBXFrameworksBuildPhase section */

/* Begin PBXGroup section */
		BB338C861DD27D2F00BB401D /* PerformanceTests */ = {
			isa = PBXGroup;
			children = (
				BB338C921DD27EE200BB401D /* Info.plist */,
				BB338C931DD27EE200BB401D /* IterationTests.swift */,
			);
			name = PerformanceTests;
			path = Tests/PerformanceTests;
			sourceTree = "<group>";
		};
		BB54D0A51C1F0357008A462B = {
			isa = PBXGroup;
			children = (
				BB0D75D91C1F045C00538080 /* README.md */,
				BBB506831DD0D91C00D0FC8E /* CHANGELOG.md */,
				BBB224EF1C7BA09B0049FEF6 /* LICENSE.md */,
				BBBA30481C4946660019830F /* .travis.yml */,
				BB471D9D1DA58D5B002550B0 /* .codecov.yml */,
				BB9AE47D1C207303002C5D63 /* Package.swift */,
				BB0ACC711C7C7E66000C0B98 /* BTree.podspec */,
				BB8FE9931C7C8BB70051268F /* version.xcconfig */,
				BBA55CD51C7E525700455736 /* generate-docs.sh */,
				BB54D0B11C1F0357008A462B /* Sources */,
				BB54D0BD1C1F0357008A462B /* Tests */,
				BB338C861DD27D2F00BB401D /* PerformanceTests */,
				BB54D0B01C1F0357008A462B /* Products */,
			);
			sourceTree = "<group>";
		};
		BB54D0B01C1F0357008A462B /* Products */ = {
			isa = PBXGroup;
			children = (
				BB54D0AF1C1F0357008A462B /* BTree.framework */,
				BB54D0B91C1F0357008A462B /* BTreeTests.xctest */,
				BB9AE43B1C1FCC35002C5D63 /* BTree.framework */,
				BB9AE44C1C1FCE0B002C5D63 /* BTreeTests.xctest */,
				BB8FE9991C7C8CDC0051268F /* BTree.framework */,
				BB8FE9B01C7C8E0E0051268F /* BTree.framework */,
				BB8FE9B91C7C8E0E0051268F /* BTreeTests.xctest */,
				BB338C851DD27D2F00BB401D /* PerformanceTests.xctest */,
			);
			name = Products;
			sourceTree = "<group>";
		};
		BB54D0B11C1F0357008A462B /* Sources */ = {
			isa = PBXGroup;
			children = (
				BB7773861C6CA08B00991A06 /* Weak.swift */,
				BBB506381DD0D13A00D0FC8E /* BTree.swift */,
				BBB506511DD0D16600D0FC8E /* BTreeNode.swift */,
				BBB5063E1DD0D15400D0FC8E /* BTreeIndex.swift */,
				BBB5063F1DD0D15400D0FC8E /* BTreeIterator.swift */,
				BBB506401DD0D15400D0FC8E /* BTreePath.swift */,
				BBB5063D1DD0D15400D0FC8E /* BTreeCursor.swift */,
				BBB506561DD0D17700D0FC8E /* BTreeBuilder.swift */,
				BBB506571DD0D17700D0FC8E /* BTreeComparisons.swift */,
				BBB506581DD0D17700D0FC8E /* BTreeMerger.swift */,
				BBB506651DD0D18400D0FC8E /* List.swift */,
				BBB506791DD0D18D00D0FC8E /* BridgedList.swift */,
				BBB506661DD0D18400D0FC8E /* Map.swift */,
				BBB506671DD0D18400D0FC8E /* SortedBag.swift */,
				BBB506681DD0D18400D0FC8E /* SortedSet.swift */,
				BBB5067E1DD0D19600D0FC8E /* Compatibility.swift */,
				BB54D0B41C1F0357008A462B /* Info.plist */,
			);
			path = Sources;
			sourceTree = "<group>";
		};
		BB54D0BD1C1F0357008A462B /* Tests */ = {
			isa = PBXGroup;
			children = (
				BB54D0C01C1F0357008A462B /* Info.plist */,
				BBB224DA1C7B9BAA0049FEF6 /* BTreeTestSupport.swift */,
				BBB224D81C7B9BAA0049FEF6 /* BTreeNodeTests.swift */,
				BB5B27C51C807C6200ED8D38 /* BTreePathTests.swift */,
				BBB224D71C7B9BAA0049FEF6 /* BTreeCursorTests.swift */,
				BBB224D91C7B9BAA0049FEF6 /* BTreeTests.swift */,
				BB5B27D41C83B99800ED8D38 /* BTreeBuilderTests.swift */,
				BB5B27D81C83DAE400ED8D38 /* BTreeMergeTests.swift */,
				BBCB23E91C8A022B00A6E276 /* BTreeComparisonTests.swift */,
				BBB224DC1C7B9BAA0049FEF6 /* MapTests.swift */,
				BBB224DB1C7B9BAA0049FEF6 /* ListTests.swift */,
				BB1F888D1D91BB2000974C2F /* BridgedListTests.swift */,
				BBCB23ED1C8A510000A6E276 /* SortedSetTests.swift */,
				BBB506301DCF6EAD00D0FC8E /* SortedBagTests.swift */,
				BBB506841DD16A0500D0FC8E /* Helpers */,
			);
			name = Tests;
			path = Tests/BTreeTests;
			sourceTree = "<group>";
		};
		BBB506841DD16A0500D0FC8E /* Helpers */ = {
			isa = PBXGroup;
			children = (
				BB17474C1C289539002C929C /* Random.swift */,
				BB17474A1C289539002C929C /* Permutations.swift */,
				BB17474B1C289539002C929C /* PermutationTests.swift */,
				BBCABF9B1C2ECF8900825BF5 /* String Manipulation.swift */,
				BB1747771C2897F8002C929C /* XCTest extensions.swift */,
			);
			name = Helpers;
			sourceTree = "<group>";
		};
/* End PBXGroup section */

/* Begin PBXHeadersBuildPhase section */
		BB54D0AC1C1F0357008A462B /* Headers */ = {
			isa = PBXHeadersBuildPhase;
			buildActionMask = 2147483647;
			files = (
			);
			runOnlyForDeploymentPostprocessing = 0;
		};
		BB8FE9961C7C8CDC0051268F /* Headers */ = {
			isa = PBXHeadersBuildPhase;
			buildActionMask = 2147483647;
			files = (
			);
			runOnlyForDeploymentPostprocessing = 0;
		};
		BB8FE9AD1C7C8E0E0051268F /* Headers */ = {
			isa = PBXHeadersBuildPhase;
			buildActionMask = 2147483647;
			files = (
			);
			runOnlyForDeploymentPostprocessing = 0;
		};
		BB9AE4381C1FCC35002C5D63 /* Headers */ = {
			isa = PBXHeadersBuildPhase;
			buildActionMask = 2147483647;
			files = (
			);
			runOnlyForDeploymentPostprocessing = 0;
		};
/* End PBXHeadersBuildPhase section */

/* Begin PBXNativeTarget section */
		BB338C841DD27D2F00BB401D /* PerformanceTests */ = {
			isa = PBXNativeTarget;
			buildConfigurationList = BB338C911DD27D2F00BB401D /* Build configuration list for PBXNativeTarget "PerformanceTests" */;
			buildPhases = (
				BB338C811DD27D2F00BB401D /* Sources */,
				BB338C821DD27D2F00BB401D /* Frameworks */,
				BB338C831DD27D2F00BB401D /* Resources */,
			);
			buildRules = (
			);
			dependencies = (
				BB338C8C1DD27D2F00BB401D /* PBXTargetDependency */,
			);
			name = PerformanceTests;
			productName = PerformanceTests;
			productReference = BB338C851DD27D2F00BB401D /* PerformanceTests.xctest */;
			productType = "com.apple.product-type.bundle.unit-test";
		};
		BB54D0AE1C1F0357008A462B /* iOS */ = {
			isa = PBXNativeTarget;
			buildConfigurationList = BB54D0C31C1F0357008A462B /* Build configuration list for PBXNativeTarget "iOS" */;
			buildPhases = (
				BB54D0AA1C1F0357008A462B /* Sources */,
				BB54D0AB1C1F0357008A462B /* Frameworks */,
				BB54D0AC1C1F0357008A462B /* Headers */,
				BB54D0AD1C1F0357008A462B /* Resources */,
			);
			buildRules = (
			);
			dependencies = (
			);
			name = iOS;
			productName = TreeCollections;
			productReference = BB54D0AF1C1F0357008A462B /* BTree.framework */;
			productType = "com.apple.product-type.framework";
		};
		BB54D0B81C1F0357008A462B /* Tests-iOS */ = {
			isa = PBXNativeTarget;
			buildConfigurationList = BB54D0C61C1F0357008A462B /* Build configuration list for PBXNativeTarget "Tests-iOS" */;
			buildPhases = (
				BB54D0B51C1F0357008A462B /* Sources */,
				BB54D0B61C1F0357008A462B /* Frameworks */,
				BB54D0B71C1F0357008A462B /* Resources */,
			);
			buildRules = (
			);
			dependencies = (
				BB54D0BC1C1F0357008A462B /* PBXTargetDependency */,
			);
			name = "Tests-iOS";
			productName = TreeCollectionsTests;
			productReference = BB54D0B91C1F0357008A462B /* BTreeTests.xctest */;
			productType = "com.apple.product-type.bundle.unit-test";
		};
		BB8FE9981C7C8CDC0051268F /* watchOS */ = {
			isa = PBXNativeTarget;
			buildConfigurationList = BB8FE99E1C7C8CDC0051268F /* Build configuration list for PBXNativeTarget "watchOS" */;
			buildPhases = (
				BB8FE9941C7C8CDC0051268F /* Sources */,
				BB8FE9951C7C8CDC0051268F /* Frameworks */,
				BB8FE9961C7C8CDC0051268F /* Headers */,
				BB8FE9971C7C8CDC0051268F /* Resources */,
			);
			buildRules = (
			);
			dependencies = (
			);
			name = watchOS;
			productName = BTree;
			productReference = BB8FE9991C7C8CDC0051268F /* BTree.framework */;
			productType = "com.apple.product-type.framework";
		};
		BB8FE9AF1C7C8E0E0051268F /* tvOS */ = {
			isa = PBXNativeTarget;
			buildConfigurationList = BB8FE9C11C7C8E0F0051268F /* Build configuration list for PBXNativeTarget "tvOS" */;
			buildPhases = (
				BB8FE9AB1C7C8E0E0051268F /* Sources */,
				BB8FE9AC1C7C8E0E0051268F /* Frameworks */,
				BB8FE9AD1C7C8E0E0051268F /* Headers */,
				BB8FE9AE1C7C8E0E0051268F /* Resources */,
			);
			buildRules = (
			);
			dependencies = (
			);
			name = tvOS;
			productName = "BTree-tvOS";
			productReference = BB8FE9B01C7C8E0E0051268F /* BTree.framework */;
			productType = "com.apple.product-type.framework";
		};
		BB8FE9B81C7C8E0E0051268F /* Tests-tvOS */ = {
			isa = PBXNativeTarget;
			buildConfigurationList = BB8FE9C61C7C8E0F0051268F /* Build configuration list for PBXNativeTarget "Tests-tvOS" */;
			buildPhases = (
				BB8FE9B51C7C8E0E0051268F /* Sources */,
				BB8FE9B61C7C8E0E0051268F /* Frameworks */,
				BB8FE9B71C7C8E0E0051268F /* Resources */,
			);
			buildRules = (
			);
			dependencies = (
				BB8FE9BC1C7C8E0F0051268F /* PBXTargetDependency */,
			);
			name = "Tests-tvOS";
			productName = "BTree-tvOSTests";
			productReference = BB8FE9B91C7C8E0E0051268F /* BTreeTests.xctest */;
			productType = "com.apple.product-type.bundle.unit-test";
		};
		BB9AE43A1C1FCC35002C5D63 /* Mac */ = {
			isa = PBXNativeTarget;
			buildConfigurationList = BB9AE4401C1FCC35002C5D63 /* Build configuration list for PBXNativeTarget "Mac" */;
			buildPhases = (
				BB9AE4361C1FCC35002C5D63 /* Sources */,
				BB9AE4371C1FCC35002C5D63 /* Frameworks */,
				BB9AE4381C1FCC35002C5D63 /* Headers */,
				BB9AE4391C1FCC35002C5D63 /* Resources */,
			);
			buildRules = (
			);
			dependencies = (
			);
			name = Mac;
			productName = "TreeCollections-OS X";
			productReference = BB9AE43B1C1FCC35002C5D63 /* BTree.framework */;
			productType = "com.apple.product-type.framework";
		};
		BB9AE44B1C1FCE0B002C5D63 /* Tests-Mac */ = {
			isa = PBXNativeTarget;
			buildConfigurationList = BB9AE4541C1FCE0B002C5D63 /* Build configuration list for PBXNativeTarget "Tests-Mac" */;
			buildPhases = (
				BB9AE4481C1FCE0B002C5D63 /* Sources */,
				BB9AE4491C1FCE0B002C5D63 /* Frameworks */,
				BB9AE44A1C1FCE0B002C5D63 /* Resources */,
			);
			buildRules = (
			);
			dependencies = (
				BB9AE4531C1FCE0B002C5D63 /* PBXTargetDependency */,
			);
			name = "Tests-Mac";
			productName = TreeCollectionTests;
			productReference = BB9AE44C1C1FCE0B002C5D63 /* BTreeTests.xctest */;
			productType = "com.apple.product-type.bundle.unit-test";
		};
/* End PBXNativeTarget section */

/* Begin PBXProject section */
		BB54D0A61C1F0357008A462B /* Project object */ = {
			isa = PBXProject;
			attributes = {
				LastSwiftUpdateCheck = 0820;
				LastUpgradeCheck = 0900;
				ORGANIZATIONNAME = "Károly Lőrentey";
				TargetAttributes = {
					BB338C841DD27D2F00BB401D = {
						CreatedOnToolsVersion = 8.2;
						ProvisioningStyle = Automatic;
					};
					BB54D0AE1C1F0357008A462B = {
						CreatedOnToolsVersion = 7.2;
						LastSwiftMigration = 0900;
					};
					BB54D0B81C1F0357008A462B = {
						CreatedOnToolsVersion = 7.2;
						LastSwiftMigration = 0900;
					};
					BB8FE9981C7C8CDC0051268F = {
						CreatedOnToolsVersion = 7.2.1;
					};
					BB8FE9AF1C7C8E0E0051268F = {
						CreatedOnToolsVersion = 7.2.1;
					};
					BB8FE9B81C7C8E0E0051268F = {
						CreatedOnToolsVersion = 7.2.1;
					};
					BB9AE43A1C1FCC35002C5D63 = {
						CreatedOnToolsVersion = 7.2;
						LastSwiftMigration = 0800;
						ProvisioningStyle = Automatic;
					};
					BB9AE44B1C1FCE0B002C5D63 = {
						CreatedOnToolsVersion = 7.2;
						LastSwiftMigration = 0800;
					};
				};
			};
			buildConfigurationList = BB54D0A91C1F0357008A462B /* Build configuration list for PBXProject "BTree" */;
			compatibilityVersion = "Xcode 3.2";
			developmentRegion = English;
			hasScannedForEncodings = 0;
			knownRegions = (
				en,
				Base,
			);
			mainGroup = BB54D0A51C1F0357008A462B;
			productRefGroup = BB54D0B01C1F0357008A462B /* Products */;
			projectDirPath = "";
			projectRoot = "";
			targets = (
				BB54D0AE1C1F0357008A462B /* iOS */,
				BB9AE43A1C1FCC35002C5D63 /* Mac */,
				BB8FE9981C7C8CDC0051268F /* watchOS */,
				BB8FE9AF1C7C8E0E0051268F /* tvOS */,
				BB54D0B81C1F0357008A462B /* Tests-iOS */,
				BB9AE44B1C1FCE0B002C5D63 /* Tests-Mac */,
				BB8FE9B81C7C8E0E0051268F /* Tests-tvOS */,
				BB338C841DD27D2F00BB401D /* PerformanceTests */,
			);
		};
/* End PBXProject section */

/* Begin PBXResourcesBuildPhase section */
		BB338C831DD27D2F00BB401D /* Resources */ = {
			isa = PBXResourcesBuildPhase;
			buildActionMask = 2147483647;
			files = (
			);
			runOnlyForDeploymentPostprocessing = 0;
		};
		BB54D0AD1C1F0357008A462B /* Resources */ = {
			isa = PBXResourcesBuildPhase;
			buildActionMask = 2147483647;
			files = (
			);
			runOnlyForDeploymentPostprocessing = 0;
		};
		BB54D0B71C1F0357008A462B /* Resources */ = {
			isa = PBXResourcesBuildPhase;
			buildActionMask = 2147483647;
			files = (
			);
			runOnlyForDeploymentPostprocessing = 0;
		};
		BB8FE9971C7C8CDC0051268F /* Resources */ = {
			isa = PBXResourcesBuildPhase;
			buildActionMask = 2147483647;
			files = (
			);
			runOnlyForDeploymentPostprocessing = 0;
		};
		BB8FE9AE1C7C8E0E0051268F /* Resources */ = {
			isa = PBXResourcesBuildPhase;
			buildActionMask = 2147483647;
			files = (
			);
			runOnlyForDeploymentPostprocessing = 0;
		};
		BB8FE9B71C7C8E0E0051268F /* Resources */ = {
			isa = PBXResourcesBuildPhase;
			buildActionMask = 2147483647;
			files = (
			);
			runOnlyForDeploymentPostprocessing = 0;
		};
		BB9AE4391C1FCC35002C5D63 /* Resources */ = {
			isa = PBXResourcesBuildPhase;
			buildActionMask = 2147483647;
			files = (
			);
			runOnlyForDeploymentPostprocessing = 0;
		};
		BB9AE44A1C1FCE0B002C5D63 /* Resources */ = {
			isa = PBXResourcesBuildPhase;
			buildActionMask = 2147483647;
			files = (
			);
			runOnlyForDeploymentPostprocessing = 0;
		};
/* End PBXResourcesBuildPhase section */

/* Begin PBXSourcesBuildPhase section */
		BB338C811DD27D2F00BB401D /* Sources */ = {
			isa = PBXSourcesBuildPhase;
			buildActionMask = 2147483647;
			files = (
				BB338C961DD27EE600BB401D /* IterationTests.swift in Sources */,
			);
			runOnlyForDeploymentPostprocessing = 0;
		};
		BB54D0AA1C1F0357008A462B /* Sources */ = {
			isa = PBXSourcesBuildPhase;
			buildActionMask = 2147483647;
			files = (
				BBB506711DD0D18400D0FC8E /* SortedBag.swift in Sources */,
				BBB506491DD0D15400D0FC8E /* BTreeIterator.swift in Sources */,
				BBB5064D1DD0D15400D0FC8E /* BTreePath.swift in Sources */,
				BBB506521DD0D16600D0FC8E /* BTreeNode.swift in Sources */,
				BBB506391DD0D13A00D0FC8E /* BTree.swift in Sources */,
				BBB506611DD0D17700D0FC8E /* BTreeMerger.swift in Sources */,
				BBB506451DD0D15400D0FC8E /* BTreeIndex.swift in Sources */,
				BBB5067A1DD0D18D00D0FC8E /* BridgedList.swift in Sources */,
				BBB5067F1DD0D19600D0FC8E /* Compatibility.swift in Sources */,
				BBB506691DD0D18400D0FC8E /* List.swift in Sources */,
				BBB506411DD0D15400D0FC8E /* BTreeCursor.swift in Sources */,
				BBB506751DD0D18400D0FC8E /* SortedSet.swift in Sources */,
				BBB5065D1DD0D17700D0FC8E /* BTreeComparisons.swift in Sources */,
				BBB506591DD0D17700D0FC8E /* BTreeBuilder.swift in Sources */,
				BBB5066D1DD0D18400D0FC8E /* Map.swift in Sources */,
				BB7773871C6CA08B00991A06 /* Weak.swift in Sources */,
			);
			runOnlyForDeploymentPostprocessing = 0;
		};
		BB54D0B51C1F0357008A462B /* Sources */ = {
			isa = PBXSourcesBuildPhase;
			buildActionMask = 2147483647;
			files = (
				BB1747781C2897F8002C929C /* XCTest extensions.swift in Sources */,
				BB17475A1C289539002C929C /* PermutationTests.swift in Sources */,
				BBCABF9C1C2ECF8900825BF5 /* String Manipulation.swift in Sources */,
				BB1747571C289539002C929C /* Permutations.swift in Sources */,
				BBCB23EE1C8A510000A6E276 /* SortedSetTests.swift in Sources */,
				BBB224E81C7B9ED60049FEF6 /* ListTests.swift in Sources */,
				BB5B27C61C807C6200ED8D38 /* BTreePathTests.swift in Sources */,
				BB1F888E1D91BB2000974C2F /* BridgedListTests.swift in Sources */,
				BBB224E51C7B9ED60049FEF6 /* BTreeCursorTests.swift in Sources */,
				BBB224E31C7B9ED60049FEF6 /* BTreeTestSupport.swift in Sources */,
				BBCB23EA1C8A022B00A6E276 /* BTreeComparisonTests.swift in Sources */,
				BBB224E71C7B9ED60049FEF6 /* MapTests.swift in Sources */,
				BB5B27D91C83DAE400ED8D38 /* BTreeMergeTests.swift in Sources */,
				BBB224E41C7B9ED60049FEF6 /* BTreeNodeTests.swift in Sources */,
				BBB224E61C7B9ED60049FEF6 /* BTreeTests.swift in Sources */,
				BBB506351DCF6EB300D0FC8E /* SortedBagTests.swift in Sources */,
				BB17475D1C289539002C929C /* Random.swift in Sources */,
				BB5B27D51C83B99800ED8D38 /* BTreeBuilderTests.swift in Sources */,
			);
			runOnlyForDeploymentPostprocessing = 0;
		};
		BB8FE9941C7C8CDC0051268F /* Sources */ = {
			isa = PBXSourcesBuildPhase;
			buildActionMask = 2147483647;
			files = (
				BBB506731DD0D18400D0FC8E /* SortedBag.swift in Sources */,
				BBB5064B1DD0D15400D0FC8E /* BTreeIterator.swift in Sources */,
				BBB5064F1DD0D15400D0FC8E /* BTreePath.swift in Sources */,
				BBB506541DD0D16600D0FC8E /* BTreeNode.swift in Sources */,
				BBB5063B1DD0D13A00D0FC8E /* BTree.swift in Sources */,
				BBB506631DD0D17700D0FC8E /* BTreeMerger.swift in Sources */,
				BBB506471DD0D15400D0FC8E /* BTreeIndex.swift in Sources */,
				BBB5067C1DD0D18D00D0FC8E /* BridgedList.swift in Sources */,
				BBB506811DD0D19600D0FC8E /* Compatibility.swift in Sources */,
				BBB5066B1DD0D18400D0FC8E /* List.swift in Sources */,
				BBB506431DD0D15400D0FC8E /* BTreeCursor.swift in Sources */,
				BBB506771DD0D18400D0FC8E /* SortedSet.swift in Sources */,
				BBB5065F1DD0D17700D0FC8E /* BTreeComparisons.swift in Sources */,
				BBB5065B1DD0D17700D0FC8E /* BTreeBuilder.swift in Sources */,
				BBB5066F1DD0D18400D0FC8E /* Map.swift in Sources */,
				BB8FE9A31C7C8D720051268F /* Weak.swift in Sources */,
			);
			runOnlyForDeploymentPostprocessing = 0;
		};
		BB8FE9AB1C7C8E0E0051268F /* Sources */ = {
			isa = PBXSourcesBuildPhase;
			buildActionMask = 2147483647;
			files = (
				BBB506741DD0D18400D0FC8E /* SortedBag.swift in Sources */,
				BBB5064C1DD0D15400D0FC8E /* BTreeIterator.swift in Sources */,
				BBB506501DD0D15400D0FC8E /* BTreePath.swift in Sources */,
				BBB506551DD0D16600D0FC8E /* BTreeNode.swift in Sources */,
				BBB5063C1DD0D13A00D0FC8E /* BTree.swift in Sources */,
				BBB506641DD0D17700D0FC8E /* BTreeMerger.swift in Sources */,
				BBB506481DD0D15400D0FC8E /* BTreeIndex.swift in Sources */,
				BBB5067D1DD0D18D00D0FC8E /* BridgedList.swift in Sources */,
				BBB506821DD0D19600D0FC8E /* Compatibility.swift in Sources */,
				BBB5066C1DD0D18400D0FC8E /* List.swift in Sources */,
				BBB506441DD0D15400D0FC8E /* BTreeCursor.swift in Sources */,
				BBB506781DD0D18400D0FC8E /* SortedSet.swift in Sources */,
				BBB506601DD0D17700D0FC8E /* BTreeComparisons.swift in Sources */,
				BBB5065C1DD0D17700D0FC8E /* BTreeBuilder.swift in Sources */,
				BBB506701DD0D18400D0FC8E /* Map.swift in Sources */,
				BB8FE9CB1C7C8F6B0051268F /* Weak.swift in Sources */,
			);
			runOnlyForDeploymentPostprocessing = 0;
		};
		BB8FE9B51C7C8E0E0051268F /* Sources */ = {
			isa = PBXSourcesBuildPhase;
			buildActionMask = 2147483647;
			files = (
				BB8FE9DA1C7C8F730051268F /* Permutations.swift in Sources */,
				BB8FE9D61C7C8F730051268F /* BTreeTests.swift in Sources */,
				BB8FE9D71C7C8F730051268F /* MapTests.swift in Sources */,
				BB8FE9D41C7C8F730051268F /* BTreeNodeTests.swift in Sources */,
				BBCB23F01C8A510000A6E276 /* SortedSetTests.swift in Sources */,
				BB8FE9D51C7C8F730051268F /* BTreeCursorTests.swift in Sources */,
				BB5B27C81C807C6200ED8D38 /* BTreePathTests.swift in Sources */,
				BB1F88901D91BB2000974C2F /* BridgedListTests.swift in Sources */,
				BB8FE9D31C7C8F730051268F /* BTreeTestSupport.swift in Sources */,
				BB8FE9DD1C7C8F730051268F /* XCTest extensions.swift in Sources */,
				BBCB23EC1C8A022B00A6E276 /* BTreeComparisonTests.swift in Sources */,
				BB8FE9DB1C7C8F730051268F /* PermutationTests.swift in Sources */,
				BB5B27DB1C83DAE400ED8D38 /* BTreeMergeTests.swift in Sources */,
				BB8FE9D81C7C8F730051268F /* ListTests.swift in Sources */,
				BB8FE9DC1C7C8F730051268F /* String Manipulation.swift in Sources */,
				BBB506371DCF6EB400D0FC8E /* SortedBagTests.swift in Sources */,
				BB8FE9D91C7C8F730051268F /* Random.swift in Sources */,
				BB5B27D71C83B99900ED8D38 /* BTreeBuilderTests.swift in Sources */,
			);
			runOnlyForDeploymentPostprocessing = 0;
		};
		BB9AE4361C1FCC35002C5D63 /* Sources */ = {
			isa = PBXSourcesBuildPhase;
			buildActionMask = 2147483647;
			files = (
				BBB506721DD0D18400D0FC8E /* SortedBag.swift in Sources */,
				BBB5064A1DD0D15400D0FC8E /* BTreeIterator.swift in Sources */,
				BBB5064E1DD0D15400D0FC8E /* BTreePath.swift in Sources */,
				BBB506531DD0D16600D0FC8E /* BTreeNode.swift in Sources */,
				BBB5063A1DD0D13A00D0FC8E /* BTree.swift in Sources */,
				BBB506621DD0D17700D0FC8E /* BTreeMerger.swift in Sources */,
				BBB506461DD0D15400D0FC8E /* BTreeIndex.swift in Sources */,
				BBB5067B1DD0D18D00D0FC8E /* BridgedList.swift in Sources */,
				BBB506801DD0D19600D0FC8E /* Compatibility.swift in Sources */,
				BBB5066A1DD0D18400D0FC8E /* List.swift in Sources */,
				BBB506421DD0D15400D0FC8E /* BTreeCursor.swift in Sources */,
				BBB506761DD0D18400D0FC8E /* SortedSet.swift in Sources */,
				BBB5065E1DD0D17700D0FC8E /* BTreeComparisons.swift in Sources */,
				BBB5065A1DD0D17700D0FC8E /* BTreeBuilder.swift in Sources */,
				BBB5066E1DD0D18400D0FC8E /* Map.swift in Sources */,
				BB7773881C6CA08B00991A06 /* Weak.swift in Sources */,
			);
			runOnlyForDeploymentPostprocessing = 0;
		};
		BB9AE4481C1FCE0B002C5D63 /* Sources */ = {
			isa = PBXSourcesBuildPhase;
			buildActionMask = 2147483647;
			files = (
				BB1747791C2897F8002C929C /* XCTest extensions.swift in Sources */,
				BB17475B1C289539002C929C /* PermutationTests.swift in Sources */,
				BBCABF9D1C2ECF8900825BF5 /* String Manipulation.swift in Sources */,
				BB1747581C289539002C929C /* Permutations.swift in Sources */,
				BBCB23EF1C8A510000A6E276 /* SortedSetTests.swift in Sources */,
				BBB224EE1C7B9ED60049FEF6 /* ListTests.swift in Sources */,
				BB5B27C71C807C6200ED8D38 /* BTreePathTests.swift in Sources */,
				BB1F888F1D91BB2000974C2F /* BridgedListTests.swift in Sources */,
				BBB224EB1C7B9ED60049FEF6 /* BTreeCursorTests.swift in Sources */,
				BBB224E91C7B9ED60049FEF6 /* BTreeTestSupport.swift in Sources */,
				BBCB23EB1C8A022B00A6E276 /* BTreeComparisonTests.swift in Sources */,
				BBB224ED1C7B9ED60049FEF6 /* MapTests.swift in Sources */,
				BB5B27DA1C83DAE400ED8D38 /* BTreeMergeTests.swift in Sources */,
				BBB224EA1C7B9ED60049FEF6 /* BTreeNodeTests.swift in Sources */,
				BBB224EC1C7B9ED60049FEF6 /* BTreeTests.swift in Sources */,
				BBB506361DCF6EB300D0FC8E /* SortedBagTests.swift in Sources */,
				BB17475E1C289539002C929C /* Random.swift in Sources */,
				BB5B27D61C83B99900ED8D38 /* BTreeBuilderTests.swift in Sources */,
			);
			runOnlyForDeploymentPostprocessing = 0;
		};
/* End PBXSourcesBuildPhase section */

/* Begin PBXTargetDependency section */
		BB338C8C1DD27D2F00BB401D /* PBXTargetDependency */ = {
			isa = PBXTargetDependency;
			target = BB9AE43A1C1FCC35002C5D63 /* Mac */;
			targetProxy = BB338C8B1DD27D2F00BB401D /* PBXContainerItemProxy */;
		};
		BB54D0BC1C1F0357008A462B /* PBXTargetDependency */ = {
			isa = PBXTargetDependency;
			target = BB54D0AE1C1F0357008A462B /* iOS */;
			targetProxy = BB54D0BB1C1F0357008A462B /* PBXContainerItemProxy */;
		};
		BB8FE9BC1C7C8E0F0051268F /* PBXTargetDependency */ = {
			isa = PBXTargetDependency;
			target = BB8FE9AF1C7C8E0E0051268F /* tvOS */;
			targetProxy = BB8FE9BB1C7C8E0F0051268F /* PBXContainerItemProxy */;
		};
		BB9AE4531C1FCE0B002C5D63 /* PBXTargetDependency */ = {
			isa = PBXTargetDependency;
			target = BB9AE43A1C1FCC35002C5D63 /* Mac */;
			targetProxy = BB9AE4521C1FCE0B002C5D63 /* PBXContainerItemProxy */;
		};
/* End PBXTargetDependency section */

/* Begin XCBuildConfiguration section */
		BB338C8D1DD27D2F00BB401D /* Debug */ = {
			isa = XCBuildConfiguration;
			buildSettings = {
				CLANG_ANALYZER_NONNULL = YES;
				CLANG_WARN_DOCUMENTATION_COMMENTS = YES;
				CODE_SIGN_IDENTITY = "-";
				COMBINE_HIDPI_IMAGES = YES;
				INFOPLIST_FILE = Tests/PerformanceTests/Info.plist;
				LD_RUNPATH_SEARCH_PATHS = "$(inherited) @executable_path/../Frameworks @loader_path/../Frameworks";
				PRODUCT_BUNDLE_IDENTIFIER = "$(BUNDLE_IDENTIFIER_BASE).PerformanceTests";
				PRODUCT_NAME = "$(TARGET_NAME)";
				SDKROOT = macosx;
				SWIFT_ACTIVE_COMPILATION_CONDITIONS = DEBUG;
				SWIFT_VERSION = 3.0;
			};
			name = Debug;
		};
		BB338C8E1DD27D2F00BB401D /* Release */ = {
			isa = XCBuildConfiguration;
			buildSettings = {
				CLANG_ANALYZER_NONNULL = YES;
				CLANG_WARN_DOCUMENTATION_COMMENTS = YES;
				CODE_SIGN_IDENTITY = "-";
				COMBINE_HIDPI_IMAGES = YES;
				INFOPLIST_FILE = Tests/PerformanceTests/Info.plist;
				LD_RUNPATH_SEARCH_PATHS = "$(inherited) @executable_path/../Frameworks @loader_path/../Frameworks";
				PRODUCT_BUNDLE_IDENTIFIER = "$(BUNDLE_IDENTIFIER_BASE).PerformanceTests";
				PRODUCT_NAME = "$(TARGET_NAME)";
				SDKROOT = macosx;
				SWIFT_VERSION = 3.0;
			};
			name = Release;
		};
		BB338C8F1DD27D2F00BB401D /* Profile */ = {
			isa = XCBuildConfiguration;
			buildSettings = {
				CLANG_ANALYZER_NONNULL = YES;
				CLANG_WARN_DOCUMENTATION_COMMENTS = YES;
				CODE_SIGN_IDENTITY = "-";
				COMBINE_HIDPI_IMAGES = YES;
				INFOPLIST_FILE = Tests/PerformanceTests/Info.plist;
				LD_RUNPATH_SEARCH_PATHS = "$(inherited) @executable_path/../Frameworks @loader_path/../Frameworks";
				PRODUCT_BUNDLE_IDENTIFIER = "$(BUNDLE_IDENTIFIER_BASE).PerformanceTests";
				PRODUCT_NAME = "$(TARGET_NAME)";
				SDKROOT = macosx;
				SWIFT_VERSION = 3.0;
			};
			name = Profile;
		};
		BB338C901DD27D2F00BB401D /* Unchecked */ = {
			isa = XCBuildConfiguration;
			buildSettings = {
				CLANG_ANALYZER_NONNULL = YES;
				CLANG_WARN_DOCUMENTATION_COMMENTS = YES;
				CODE_SIGN_IDENTITY = "-";
				COMBINE_HIDPI_IMAGES = YES;
				INFOPLIST_FILE = Tests/PerformanceTests/Info.plist;
				LD_RUNPATH_SEARCH_PATHS = "$(inherited) @executable_path/../Frameworks @loader_path/../Frameworks";
				PRODUCT_BUNDLE_IDENTIFIER = "$(BUNDLE_IDENTIFIER_BASE).PerformanceTests";
				PRODUCT_NAME = "$(TARGET_NAME)";
				SDKROOT = macosx;
				SWIFT_VERSION = 3.0;
			};
			name = Unchecked;
		};
		BB3EAADD1C2707E90028E5A7 /* Unchecked */ = {
			isa = XCBuildConfiguration;
			baseConfigurationReference = BB8FE9931C7C8BB70051268F /* version.xcconfig */;
			buildSettings = {
				ALWAYS_SEARCH_USER_PATHS = NO;
				CLANG_CXX_LANGUAGE_STANDARD = "gnu++0x";
				CLANG_CXX_LIBRARY = "libc++";
				CLANG_ENABLE_MODULES = YES;
				CLANG_ENABLE_OBJC_ARC = YES;
				CLANG_WARN_BLOCK_CAPTURE_AUTORELEASING = YES;
				CLANG_WARN_BOOL_CONVERSION = YES;
				CLANG_WARN_COMMA = YES;
				CLANG_WARN_CONSTANT_CONVERSION = YES;
				CLANG_WARN_DIRECT_OBJC_ISA_USAGE = YES_ERROR;
				CLANG_WARN_EMPTY_BODY = YES;
				CLANG_WARN_ENUM_CONVERSION = YES;
				CLANG_WARN_INFINITE_RECURSION = YES;
				CLANG_WARN_INT_CONVERSION = YES;
				CLANG_WARN_NON_LITERAL_NULL_CONVERSION = YES;
				CLANG_WARN_OBJC_LITERAL_CONVERSION = YES;
				CLANG_WARN_OBJC_ROOT_CLASS = YES_ERROR;
				CLANG_WARN_RANGE_LOOP_ANALYSIS = YES;
				CLANG_WARN_STRICT_PROTOTYPES = YES;
				CLANG_WARN_SUSPICIOUS_MOVE = YES;
				CLANG_WARN_UNREACHABLE_CODE = YES;
				CLANG_WARN__DUPLICATE_METHOD_MATCH = YES;
				COPY_PHASE_STRIP = NO;
				CURRENT_PROJECT_VERSION = "$(BUILD_NUMBER)";
				DEBUG_INFORMATION_FORMAT = "dwarf-with-dsym";
				DYLIB_COMPATIBILITY_VERSION = "$(BUILD_NUMBER)";
				DYLIB_CURRENT_VERSION = "$(BUILD_NUMBER)";
				ENABLE_NS_ASSERTIONS = NO;
				ENABLE_STRICT_OBJC_MSGSEND = YES;
				ENABLE_TESTABILITY = YES;
				GCC_C_LANGUAGE_STANDARD = gnu99;
				GCC_NO_COMMON_BLOCKS = YES;
				GCC_WARN_64_TO_32_BIT_CONVERSION = YES;
				GCC_WARN_ABOUT_RETURN_TYPE = YES_ERROR;
				GCC_WARN_UNDECLARED_SELECTOR = YES;
				GCC_WARN_UNINITIALIZED_AUTOS = YES_AGGRESSIVE;
				GCC_WARN_UNUSED_FUNCTION = YES;
				GCC_WARN_UNUSED_VARIABLE = YES;
				IPHONEOS_DEPLOYMENT_TARGET = 9.0;
				MACOSX_DEPLOYMENT_TARGET = 10.9;
				MTL_ENABLE_DEBUG_INFO = NO;
				SWIFT_DISABLE_SAFETY_CHECKS = YES;
				SWIFT_OPTIMIZATION_LEVEL = "-Owholemodule";
				SWIFT_VERSION = 4.0;
				TARGETED_DEVICE_FAMILY = "1,2";
				TVOS_DEPLOYMENT_TARGET = 9.0;
				VALIDATE_PRODUCT = YES;
				VERSIONING_SYSTEM = "";
				VERSION_INFO_PREFIX = "";
				WATCHOS_DEPLOYMENT_TARGET = 2.0;
			};
			name = Unchecked;
		};
		BB3EAADE1C2707E90028E5A7 /* Unchecked */ = {
			isa = XCBuildConfiguration;
			buildSettings = {
				APPLICATION_EXTENSION_API_ONLY = YES;
				CLANG_ENABLE_MODULES = YES;
				DEFINES_MODULE = YES;
				DYLIB_INSTALL_NAME_BASE = "@rpath";
				INFOPLIST_FILE = Sources/Info.plist;
				INSTALL_PATH = "$(LOCAL_LIBRARY_DIR)/Frameworks";
				LD_RUNPATH_SEARCH_PATHS = "$(inherited) @executable_path/Frameworks @loader_path/Frameworks";
				PRODUCT_BUNDLE_IDENTIFIER = "$(BUNDLE_IDENTIFIER_BASE).$(PLATFORM_DISPLAY_NAME:rfc1034identifier)";
				PRODUCT_NAME = BTree;
				SDKROOT = iphoneos;
				SKIP_INSTALL = YES;
			};
			name = Unchecked;
		};
		BB3EAADF1C2707E90028E5A7 /* Unchecked */ = {
			isa = XCBuildConfiguration;
			buildSettings = {
				APPLICATION_EXTENSION_API_ONLY = YES;
				CODE_SIGN_IDENTITY = "";
				COMBINE_HIDPI_IMAGES = YES;
				DEFINES_MODULE = YES;
				DYLIB_INSTALL_NAME_BASE = "@rpath";
				FRAMEWORK_VERSION = A;
				INFOPLIST_FILE = Sources/Info.plist;
				INSTALL_PATH = "$(LOCAL_LIBRARY_DIR)/Frameworks";
				LD_RUNPATH_SEARCH_PATHS = "$(inherited) @executable_path/../Frameworks @loader_path/Frameworks";
				PRODUCT_BUNDLE_IDENTIFIER = "$(BUNDLE_IDENTIFIER_BASE).$(PLATFORM_DISPLAY_NAME:rfc1034identifier)";
				PRODUCT_NAME = BTree;
				SDKROOT = macosx;
				SKIP_INSTALL = YES;
			};
			name = Unchecked;
		};
		BB3EAAE01C2707E90028E5A7 /* Unchecked */ = {
			isa = XCBuildConfiguration;
			buildSettings = {
				INFOPLIST_FILE = Tests/BTreeTests/Info.plist;
				LD_RUNPATH_SEARCH_PATHS = "$(inherited) @executable_path/Frameworks @loader_path/Frameworks";
				PRODUCT_BUNDLE_IDENTIFIER = "$(BUNDLE_IDENTIFIER_BASE).Tests.iOS";
				PRODUCT_NAME = BTreeTests;
				SDKROOT = iphoneos;
				SWIFT_SWIFT3_OBJC_INFERENCE = On;
				SWIFT_VERSION = 4.0;
			};
			name = Unchecked;
		};
		BB3EAAE11C2707E90028E5A7 /* Unchecked */ = {
			isa = XCBuildConfiguration;
			buildSettings = {
				CODE_SIGN_IDENTITY = "-";
				COMBINE_HIDPI_IMAGES = YES;
				INFOPLIST_FILE = Tests/BTreeTests/Info.plist;
				LD_RUNPATH_SEARCH_PATHS = "$(inherited) @executable_path/../Frameworks @loader_path/../Frameworks";
				MACOSX_DEPLOYMENT_TARGET = 10.11;
				PRODUCT_BUNDLE_IDENTIFIER = "$(BUNDLE_IDENTIFIER_BASE).Tests.Mac";
				PRODUCT_NAME = BTreeTests;
				SDKROOT = macosx;
			};
			name = Unchecked;
		};
		BB54D0C11C1F0357008A462B /* Debug */ = {
			isa = XCBuildConfiguration;
			baseConfigurationReference = BB8FE9931C7C8BB70051268F /* version.xcconfig */;
			buildSettings = {
				ALWAYS_SEARCH_USER_PATHS = NO;
				CLANG_CXX_LANGUAGE_STANDARD = "gnu++0x";
				CLANG_CXX_LIBRARY = "libc++";
				CLANG_ENABLE_MODULES = YES;
				CLANG_ENABLE_OBJC_ARC = YES;
				CLANG_WARN_BLOCK_CAPTURE_AUTORELEASING = YES;
				CLANG_WARN_BOOL_CONVERSION = YES;
				CLANG_WARN_COMMA = YES;
				CLANG_WARN_CONSTANT_CONVERSION = YES;
				CLANG_WARN_DIRECT_OBJC_ISA_USAGE = YES_ERROR;
				CLANG_WARN_EMPTY_BODY = YES;
				CLANG_WARN_ENUM_CONVERSION = YES;
				CLANG_WARN_INFINITE_RECURSION = YES;
				CLANG_WARN_INT_CONVERSION = YES;
				CLANG_WARN_NON_LITERAL_NULL_CONVERSION = YES;
				CLANG_WARN_OBJC_LITERAL_CONVERSION = YES;
				CLANG_WARN_OBJC_ROOT_CLASS = YES_ERROR;
				CLANG_WARN_RANGE_LOOP_ANALYSIS = YES;
				CLANG_WARN_STRICT_PROTOTYPES = YES;
				CLANG_WARN_SUSPICIOUS_MOVE = YES;
				CLANG_WARN_UNREACHABLE_CODE = YES;
				CLANG_WARN__DUPLICATE_METHOD_MATCH = YES;
				COPY_PHASE_STRIP = NO;
				CURRENT_PROJECT_VERSION = "$(BUILD_NUMBER)";
				DEBUG_INFORMATION_FORMAT = dwarf;
				DYLIB_COMPATIBILITY_VERSION = "$(BUILD_NUMBER)";
				DYLIB_CURRENT_VERSION = "$(BUILD_NUMBER)";
				ENABLE_STRICT_OBJC_MSGSEND = YES;
				ENABLE_TESTABILITY = YES;
				GCC_C_LANGUAGE_STANDARD = gnu99;
				GCC_DYNAMIC_NO_PIC = NO;
				GCC_NO_COMMON_BLOCKS = YES;
				GCC_OPTIMIZATION_LEVEL = 0;
				GCC_PREPROCESSOR_DEFINITIONS = (
					"DEBUG=1",
					"$(inherited)",
				);
				GCC_WARN_64_TO_32_BIT_CONVERSION = YES;
				GCC_WARN_ABOUT_RETURN_TYPE = YES_ERROR;
				GCC_WARN_UNDECLARED_SELECTOR = YES;
				GCC_WARN_UNINITIALIZED_AUTOS = YES_AGGRESSIVE;
				GCC_WARN_UNUSED_FUNCTION = YES;
				GCC_WARN_UNUSED_VARIABLE = YES;
				IPHONEOS_DEPLOYMENT_TARGET = 9.0;
				MACOSX_DEPLOYMENT_TARGET = 10.9;
				MTL_ENABLE_DEBUG_INFO = YES;
				ONLY_ACTIVE_ARCH = YES;
				OTHER_SWIFT_FLAGS = "-DDebug $(inherited)";
				SWIFT_OPTIMIZATION_LEVEL = "-Onone";
				SWIFT_VERSION = 4.0;
				TARGETED_DEVICE_FAMILY = "1,2";
				TVOS_DEPLOYMENT_TARGET = 9.0;
				VERSIONING_SYSTEM = "";
				VERSION_INFO_PREFIX = "";
				WATCHOS_DEPLOYMENT_TARGET = 2.0;
			};
			name = Debug;
		};
		BB54D0C21C1F0357008A462B /* Release */ = {
			isa = XCBuildConfiguration;
			baseConfigurationReference = BB8FE9931C7C8BB70051268F /* version.xcconfig */;
			buildSettings = {
				ALWAYS_SEARCH_USER_PATHS = NO;
				CLANG_CXX_LANGUAGE_STANDARD = "gnu++0x";
				CLANG_CXX_LIBRARY = "libc++";
				CLANG_ENABLE_MODULES = YES;
				CLANG_ENABLE_OBJC_ARC = YES;
				CLANG_WARN_BLOCK_CAPTURE_AUTORELEASING = YES;
				CLANG_WARN_BOOL_CONVERSION = YES;
				CLANG_WARN_COMMA = YES;
				CLANG_WARN_CONSTANT_CONVERSION = YES;
				CLANG_WARN_DIRECT_OBJC_ISA_USAGE = YES_ERROR;
				CLANG_WARN_EMPTY_BODY = YES;
				CLANG_WARN_ENUM_CONVERSION = YES;
				CLANG_WARN_INFINITE_RECURSION = YES;
				CLANG_WARN_INT_CONVERSION = YES;
				CLANG_WARN_NON_LITERAL_NULL_CONVERSION = YES;
				CLANG_WARN_OBJC_LITERAL_CONVERSION = YES;
				CLANG_WARN_OBJC_ROOT_CLASS = YES_ERROR;
				CLANG_WARN_RANGE_LOOP_ANALYSIS = YES;
				CLANG_WARN_STRICT_PROTOTYPES = YES;
				CLANG_WARN_SUSPICIOUS_MOVE = YES;
				CLANG_WARN_UNREACHABLE_CODE = YES;
				CLANG_WARN__DUPLICATE_METHOD_MATCH = YES;
				COPY_PHASE_STRIP = NO;
				CURRENT_PROJECT_VERSION = "$(BUILD_NUMBER)";
				DEBUG_INFORMATION_FORMAT = "dwarf-with-dsym";
				DYLIB_COMPATIBILITY_VERSION = "$(BUILD_NUMBER)";
				DYLIB_CURRENT_VERSION = "$(BUILD_NUMBER)";
				ENABLE_NS_ASSERTIONS = NO;
				ENABLE_STRICT_OBJC_MSGSEND = YES;
				GCC_C_LANGUAGE_STANDARD = gnu99;
				GCC_NO_COMMON_BLOCKS = YES;
				GCC_WARN_64_TO_32_BIT_CONVERSION = YES;
				GCC_WARN_ABOUT_RETURN_TYPE = YES_ERROR;
				GCC_WARN_UNDECLARED_SELECTOR = YES;
				GCC_WARN_UNINITIALIZED_AUTOS = YES_AGGRESSIVE;
				GCC_WARN_UNUSED_FUNCTION = YES;
				GCC_WARN_UNUSED_VARIABLE = YES;
				IPHONEOS_DEPLOYMENT_TARGET = 9.0;
				MACOSX_DEPLOYMENT_TARGET = 10.9;
				MTL_ENABLE_DEBUG_INFO = NO;
				OTHER_SWIFT_FLAGS = "-DENABLE_BENCHMARK_TESTS $(inherited)";
				SWIFT_OPTIMIZATION_LEVEL = "-Owholemodule";
				SWIFT_VERSION = 4.0;
				TARGETED_DEVICE_FAMILY = "1,2";
				TVOS_DEPLOYMENT_TARGET = 9.0;
				VALIDATE_PRODUCT = YES;
				VERSIONING_SYSTEM = "";
				VERSION_INFO_PREFIX = "";
				WATCHOS_DEPLOYMENT_TARGET = 2.0;
			};
			name = Release;
		};
		BB54D0C41C1F0357008A462B /* Debug */ = {
			isa = XCBuildConfiguration;
			buildSettings = {
				APPLICATION_EXTENSION_API_ONLY = YES;
				CLANG_ENABLE_MODULES = YES;
				DEFINES_MODULE = YES;
				DYLIB_INSTALL_NAME_BASE = "@rpath";
				INFOPLIST_FILE = Sources/Info.plist;
				INSTALL_PATH = "$(LOCAL_LIBRARY_DIR)/Frameworks";
				LD_RUNPATH_SEARCH_PATHS = "$(inherited) @executable_path/Frameworks @loader_path/Frameworks";
				PRODUCT_BUNDLE_IDENTIFIER = "$(BUNDLE_IDENTIFIER_BASE).$(PLATFORM_DISPLAY_NAME:rfc1034identifier)";
				PRODUCT_NAME = BTree;
				SDKROOT = iphoneos;
				SKIP_INSTALL = YES;
			};
			name = Debug;
		};
		BB54D0C51C1F0357008A462B /* Release */ = {
			isa = XCBuildConfiguration;
			buildSettings = {
				APPLICATION_EXTENSION_API_ONLY = YES;
				CLANG_ENABLE_MODULES = YES;
				DEFINES_MODULE = YES;
				DYLIB_INSTALL_NAME_BASE = "@rpath";
				INFOPLIST_FILE = Sources/Info.plist;
				INSTALL_PATH = "$(LOCAL_LIBRARY_DIR)/Frameworks";
				LD_RUNPATH_SEARCH_PATHS = "$(inherited) @executable_path/Frameworks @loader_path/Frameworks";
				PRODUCT_BUNDLE_IDENTIFIER = "$(BUNDLE_IDENTIFIER_BASE).$(PLATFORM_DISPLAY_NAME:rfc1034identifier)";
				PRODUCT_NAME = BTree;
				SDKROOT = iphoneos;
				SKIP_INSTALL = YES;
			};
			name = Release;
		};
		BB54D0C71C1F0357008A462B /* Debug */ = {
			isa = XCBuildConfiguration;
			buildSettings = {
				INFOPLIST_FILE = Tests/BTreeTests/Info.plist;
				LD_RUNPATH_SEARCH_PATHS = "$(inherited) @executable_path/Frameworks @loader_path/Frameworks";
				PRODUCT_BUNDLE_IDENTIFIER = "$(BUNDLE_IDENTIFIER_BASE).Tests.iOS";
				PRODUCT_NAME = BTreeTests;
				SDKROOT = iphoneos;
				SWIFT_SWIFT3_OBJC_INFERENCE = On;
				SWIFT_VERSION = 4.0;
			};
			name = Debug;
		};
		BB54D0C81C1F0357008A462B /* Release */ = {
			isa = XCBuildConfiguration;
			buildSettings = {
				INFOPLIST_FILE = Tests/BTreeTests/Info.plist;
				LD_RUNPATH_SEARCH_PATHS = "$(inherited) @executable_path/Frameworks @loader_path/Frameworks";
				PRODUCT_BUNDLE_IDENTIFIER = "$(BUNDLE_IDENTIFIER_BASE).Tests.iOS";
				PRODUCT_NAME = BTreeTests;
				SDKROOT = iphoneos;
				SWIFT_SWIFT3_OBJC_INFERENCE = On;
				SWIFT_VERSION = 4.0;
			};
			name = Release;
		};
		BB8FE99F1C7C8CDC0051268F /* Debug */ = {
			isa = XCBuildConfiguration;
			buildSettings = {
				APPLICATION_EXTENSION_API_ONLY = YES;
				"CODE_SIGN_IDENTITY[sdk=watchos*]" = "";
				DEFINES_MODULE = YES;
				DYLIB_INSTALL_NAME_BASE = "@rpath";
				INFOPLIST_FILE = Sources/Info.plist;
				INSTALL_PATH = "$(LOCAL_LIBRARY_DIR)/Frameworks";
				LD_RUNPATH_SEARCH_PATHS = "$(inherited) @executable_path/Frameworks @loader_path/Frameworks";
				PRODUCT_BUNDLE_IDENTIFIER = "$(BUNDLE_IDENTIFIER_BASE).$(PLATFORM_DISPLAY_NAME:rfc1034identifier)";
				PRODUCT_NAME = BTree;
				SDKROOT = watchos;
				SKIP_INSTALL = YES;
				TARGETED_DEVICE_FAMILY = 4;
			};
			name = Debug;
		};
		BB8FE9A01C7C8CDC0051268F /* Release */ = {
			isa = XCBuildConfiguration;
			buildSettings = {
				APPLICATION_EXTENSION_API_ONLY = YES;
				"CODE_SIGN_IDENTITY[sdk=watchos*]" = "";
				DEFINES_MODULE = YES;
				DYLIB_INSTALL_NAME_BASE = "@rpath";
				INFOPLIST_FILE = Sources/Info.plist;
				INSTALL_PATH = "$(LOCAL_LIBRARY_DIR)/Frameworks";
				LD_RUNPATH_SEARCH_PATHS = "$(inherited) @executable_path/Frameworks @loader_path/Frameworks";
				PRODUCT_BUNDLE_IDENTIFIER = "$(BUNDLE_IDENTIFIER_BASE).$(PLATFORM_DISPLAY_NAME:rfc1034identifier)";
				PRODUCT_NAME = BTree;
				SDKROOT = watchos;
				SKIP_INSTALL = YES;
				TARGETED_DEVICE_FAMILY = 4;
			};
			name = Release;
		};
		BB8FE9A11C7C8CDC0051268F /* Profile */ = {
			isa = XCBuildConfiguration;
			buildSettings = {
				APPLICATION_EXTENSION_API_ONLY = YES;
				"CODE_SIGN_IDENTITY[sdk=watchos*]" = "";
				DEFINES_MODULE = YES;
				DYLIB_INSTALL_NAME_BASE = "@rpath";
				INFOPLIST_FILE = Sources/Info.plist;
				INSTALL_PATH = "$(LOCAL_LIBRARY_DIR)/Frameworks";
				LD_RUNPATH_SEARCH_PATHS = "$(inherited) @executable_path/Frameworks @loader_path/Frameworks";
				PRODUCT_BUNDLE_IDENTIFIER = "$(BUNDLE_IDENTIFIER_BASE).$(PLATFORM_DISPLAY_NAME:rfc1034identifier)";
				PRODUCT_NAME = BTree;
				SDKROOT = watchos;
				SKIP_INSTALL = YES;
				TARGETED_DEVICE_FAMILY = 4;
			};
			name = Profile;
		};
		BB8FE9A21C7C8CDC0051268F /* Unchecked */ = {
			isa = XCBuildConfiguration;
			buildSettings = {
				APPLICATION_EXTENSION_API_ONLY = YES;
				"CODE_SIGN_IDENTITY[sdk=watchos*]" = "";
				DEFINES_MODULE = YES;
				DYLIB_INSTALL_NAME_BASE = "@rpath";
				INFOPLIST_FILE = Sources/Info.plist;
				INSTALL_PATH = "$(LOCAL_LIBRARY_DIR)/Frameworks";
				LD_RUNPATH_SEARCH_PATHS = "$(inherited) @executable_path/Frameworks @loader_path/Frameworks";
				PRODUCT_BUNDLE_IDENTIFIER = "$(BUNDLE_IDENTIFIER_BASE).$(PLATFORM_DISPLAY_NAME:rfc1034identifier)";
				PRODUCT_NAME = BTree;
				SDKROOT = watchos;
				SKIP_INSTALL = YES;
				TARGETED_DEVICE_FAMILY = 4;
			};
			name = Unchecked;
		};
		BB8FE9C21C7C8E0F0051268F /* Debug */ = {
			isa = XCBuildConfiguration;
			buildSettings = {
				APPLICATION_EXTENSION_API_ONLY = YES;
				"CODE_SIGN_IDENTITY[sdk=appletvos*]" = "";
				DEFINES_MODULE = YES;
				DYLIB_INSTALL_NAME_BASE = "@rpath";
				INFOPLIST_FILE = Sources/Info.plist;
				INSTALL_PATH = "$(LOCAL_LIBRARY_DIR)/Frameworks";
				LD_RUNPATH_SEARCH_PATHS = "$(inherited) @executable_path/Frameworks @loader_path/Frameworks";
				PRODUCT_BUNDLE_IDENTIFIER = "$(BUNDLE_IDENTIFIER_BASE).$(PLATFORM_DISPLAY_NAME:rfc1034identifier)";
				PRODUCT_NAME = BTree;
				SDKROOT = appletvos;
				SKIP_INSTALL = YES;
				TARGETED_DEVICE_FAMILY = 3;
				VERSIONING_SYSTEM = "apple-generic";
			};
			name = Debug;
		};
		BB8FE9C31C7C8E0F0051268F /* Release */ = {
			isa = XCBuildConfiguration;
			buildSettings = {
				APPLICATION_EXTENSION_API_ONLY = YES;
				"CODE_SIGN_IDENTITY[sdk=appletvos*]" = "";
				DEFINES_MODULE = YES;
				DYLIB_INSTALL_NAME_BASE = "@rpath";
				INFOPLIST_FILE = Sources/Info.plist;
				INSTALL_PATH = "$(LOCAL_LIBRARY_DIR)/Frameworks";
				LD_RUNPATH_SEARCH_PATHS = "$(inherited) @executable_path/Frameworks @loader_path/Frameworks";
				PRODUCT_BUNDLE_IDENTIFIER = "$(BUNDLE_IDENTIFIER_BASE).$(PLATFORM_DISPLAY_NAME:rfc1034identifier)";
				PRODUCT_NAME = BTree;
				SDKROOT = appletvos;
				SKIP_INSTALL = YES;
				TARGETED_DEVICE_FAMILY = 3;
				VERSIONING_SYSTEM = "apple-generic";
			};
			name = Release;
		};
		BB8FE9C41C7C8E0F0051268F /* Profile */ = {
			isa = XCBuildConfiguration;
			buildSettings = {
				APPLICATION_EXTENSION_API_ONLY = YES;
				"CODE_SIGN_IDENTITY[sdk=appletvos*]" = "";
				DEFINES_MODULE = YES;
				DYLIB_INSTALL_NAME_BASE = "@rpath";
				INFOPLIST_FILE = Sources/Info.plist;
				INSTALL_PATH = "$(LOCAL_LIBRARY_DIR)/Frameworks";
				LD_RUNPATH_SEARCH_PATHS = "$(inherited) @executable_path/Frameworks @loader_path/Frameworks";
				PRODUCT_BUNDLE_IDENTIFIER = "$(BUNDLE_IDENTIFIER_BASE).$(PLATFORM_DISPLAY_NAME:rfc1034identifier)";
				PRODUCT_NAME = BTree;
				SDKROOT = appletvos;
				SKIP_INSTALL = YES;
				TARGETED_DEVICE_FAMILY = 3;
				VERSIONING_SYSTEM = "apple-generic";
			};
			name = Profile;
		};
		BB8FE9C51C7C8E0F0051268F /* Unchecked */ = {
			isa = XCBuildConfiguration;
			buildSettings = {
				APPLICATION_EXTENSION_API_ONLY = YES;
				"CODE_SIGN_IDENTITY[sdk=appletvos*]" = "";
				DEFINES_MODULE = YES;
				DYLIB_INSTALL_NAME_BASE = "@rpath";
				INFOPLIST_FILE = Sources/Info.plist;
				INSTALL_PATH = "$(LOCAL_LIBRARY_DIR)/Frameworks";
				LD_RUNPATH_SEARCH_PATHS = "$(inherited) @executable_path/Frameworks @loader_path/Frameworks";
				PRODUCT_BUNDLE_IDENTIFIER = "$(BUNDLE_IDENTIFIER_BASE).$(PLATFORM_DISPLAY_NAME:rfc1034identifier)";
				PRODUCT_NAME = BTree;
				SDKROOT = appletvos;
				SKIP_INSTALL = YES;
				TARGETED_DEVICE_FAMILY = 3;
				VERSIONING_SYSTEM = "apple-generic";
			};
			name = Unchecked;
		};
		BB8FE9C71C7C8E0F0051268F /* Debug */ = {
			isa = XCBuildConfiguration;
			buildSettings = {
				INFOPLIST_FILE = Tests/BTreeTests/Info.plist;
				LD_RUNPATH_SEARCH_PATHS = "$(inherited) @executable_path/Frameworks @loader_path/Frameworks";
				PRODUCT_BUNDLE_IDENTIFIER = "$(BUNDLE_IDENTIFIER_BASE).Tests.tvOS";
				PRODUCT_NAME = BTreeTests;
				SDKROOT = appletvos;
			};
			name = Debug;
		};
		BB8FE9C81C7C8E0F0051268F /* Release */ = {
			isa = XCBuildConfiguration;
			buildSettings = {
				INFOPLIST_FILE = Tests/BTreeTests/Info.plist;
				LD_RUNPATH_SEARCH_PATHS = "$(inherited) @executable_path/Frameworks @loader_path/Frameworks";
				PRODUCT_BUNDLE_IDENTIFIER = "$(BUNDLE_IDENTIFIER_BASE).Tests.tvOS";
				PRODUCT_NAME = BTreeTests;
				SDKROOT = appletvos;
			};
			name = Release;
		};
		BB8FE9C91C7C8E0F0051268F /* Profile */ = {
			isa = XCBuildConfiguration;
			buildSettings = {
				INFOPLIST_FILE = Tests/BTreeTests/Info.plist;
				LD_RUNPATH_SEARCH_PATHS = "$(inherited) @executable_path/Frameworks @loader_path/Frameworks";
				PRODUCT_BUNDLE_IDENTIFIER = "$(BUNDLE_IDENTIFIER_BASE).Tests.tvOS";
				PRODUCT_NAME = BTreeTests;
				SDKROOT = appletvos;
			};
			name = Profile;
		};
		BB8FE9CA1C7C8E0F0051268F /* Unchecked */ = {
			isa = XCBuildConfiguration;
			buildSettings = {
				INFOPLIST_FILE = Tests/BTreeTests/Info.plist;
				LD_RUNPATH_SEARCH_PATHS = "$(inherited) @executable_path/Frameworks @loader_path/Frameworks";
				PRODUCT_BUNDLE_IDENTIFIER = "$(BUNDLE_IDENTIFIER_BASE).Tests.tvOS";
				PRODUCT_NAME = BTreeTests;
				SDKROOT = appletvos;
			};
			name = Unchecked;
		};
		BB9AE4411C1FCC35002C5D63 /* Debug */ = {
			isa = XCBuildConfiguration;
			buildSettings = {
				APPLICATION_EXTENSION_API_ONLY = YES;
				CODE_SIGN_IDENTITY = "";
				COMBINE_HIDPI_IMAGES = YES;
				DEFINES_MODULE = YES;
				DYLIB_INSTALL_NAME_BASE = "@rpath";
				FRAMEWORK_VERSION = A;
				INFOPLIST_FILE = Sources/Info.plist;
				INSTALL_PATH = "$(LOCAL_LIBRARY_DIR)/Frameworks";
				LD_RUNPATH_SEARCH_PATHS = "$(inherited) @executable_path/../Frameworks @loader_path/Frameworks";
				PRODUCT_BUNDLE_IDENTIFIER = "$(BUNDLE_IDENTIFIER_BASE).$(PLATFORM_DISPLAY_NAME:rfc1034identifier)";
				PRODUCT_NAME = BTree;
				SDKROOT = macosx;
				SKIP_INSTALL = YES;
			};
			name = Debug;
		};
		BB9AE4421C1FCC35002C5D63 /* Release */ = {
			isa = XCBuildConfiguration;
			buildSettings = {
				APPLICATION_EXTENSION_API_ONLY = YES;
				CODE_SIGN_IDENTITY = "";
				COMBINE_HIDPI_IMAGES = YES;
				DEFINES_MODULE = YES;
				DYLIB_INSTALL_NAME_BASE = "@rpath";
				FRAMEWORK_VERSION = A;
				INFOPLIST_FILE = Sources/Info.plist;
				INSTALL_PATH = "$(LOCAL_LIBRARY_DIR)/Frameworks";
				LD_RUNPATH_SEARCH_PATHS = "$(inherited) @executable_path/../Frameworks @loader_path/Frameworks";
				PRODUCT_BUNDLE_IDENTIFIER = "$(BUNDLE_IDENTIFIER_BASE).$(PLATFORM_DISPLAY_NAME:rfc1034identifier)";
				PRODUCT_NAME = BTree;
				SDKROOT = macosx;
				SKIP_INSTALL = YES;
			};
			name = Release;
		};
		BB9AE4551C1FCE0B002C5D63 /* Debug */ = {
			isa = XCBuildConfiguration;
			buildSettings = {
				CODE_SIGN_IDENTITY = "-";
				COMBINE_HIDPI_IMAGES = YES;
				INFOPLIST_FILE = Tests/BTreeTests/Info.plist;
				LD_RUNPATH_SEARCH_PATHS = "$(inherited) @executable_path/../Frameworks @loader_path/../Frameworks";
				MACOSX_DEPLOYMENT_TARGET = 10.11;
				PRODUCT_BUNDLE_IDENTIFIER = "$(BUNDLE_IDENTIFIER_BASE).Tests.Mac";
				PRODUCT_NAME = BTreeTests;
				SDKROOT = macosx;
			};
			name = Debug;
		};
		BB9AE4561C1FCE0B002C5D63 /* Release */ = {
			isa = XCBuildConfiguration;
			buildSettings = {
				CODE_SIGN_IDENTITY = "-";
				COMBINE_HIDPI_IMAGES = YES;
				INFOPLIST_FILE = Tests/BTreeTests/Info.plist;
				LD_RUNPATH_SEARCH_PATHS = "$(inherited) @executable_path/../Frameworks @loader_path/../Frameworks";
				MACOSX_DEPLOYMENT_TARGET = 10.11;
				PRODUCT_BUNDLE_IDENTIFIER = "$(BUNDLE_IDENTIFIER_BASE).Tests.Mac";
				PRODUCT_NAME = BTreeTests;
				SDKROOT = macosx;
			};
			name = Release;
		};
		BB9AE4691C203A23002C5D63 /* Profile */ = {
			isa = XCBuildConfiguration;
			baseConfigurationReference = BB8FE9931C7C8BB70051268F /* version.xcconfig */;
			buildSettings = {
				ALWAYS_SEARCH_USER_PATHS = NO;
				CLANG_CXX_LANGUAGE_STANDARD = "gnu++0x";
				CLANG_CXX_LIBRARY = "libc++";
				CLANG_ENABLE_MODULES = YES;
				CLANG_ENABLE_OBJC_ARC = YES;
				CLANG_WARN_BLOCK_CAPTURE_AUTORELEASING = YES;
				CLANG_WARN_BOOL_CONVERSION = YES;
				CLANG_WARN_COMMA = YES;
				CLANG_WARN_CONSTANT_CONVERSION = YES;
				CLANG_WARN_DIRECT_OBJC_ISA_USAGE = YES_ERROR;
				CLANG_WARN_EMPTY_BODY = YES;
				CLANG_WARN_ENUM_CONVERSION = YES;
				CLANG_WARN_INFINITE_RECURSION = YES;
				CLANG_WARN_INT_CONVERSION = YES;
				CLANG_WARN_NON_LITERAL_NULL_CONVERSION = YES;
				CLANG_WARN_OBJC_LITERAL_CONVERSION = YES;
				CLANG_WARN_OBJC_ROOT_CLASS = YES_ERROR;
				CLANG_WARN_RANGE_LOOP_ANALYSIS = YES;
				CLANG_WARN_STRICT_PROTOTYPES = YES;
				CLANG_WARN_SUSPICIOUS_MOVE = YES;
				CLANG_WARN_UNREACHABLE_CODE = YES;
				CLANG_WARN__DUPLICATE_METHOD_MATCH = YES;
				COPY_PHASE_STRIP = NO;
				CURRENT_PROJECT_VERSION = "$(BUILD_NUMBER)";
				DEBUG_INFORMATION_FORMAT = "dwarf-with-dsym";
				DYLIB_COMPATIBILITY_VERSION = "$(BUILD_NUMBER)";
				DYLIB_CURRENT_VERSION = "$(BUILD_NUMBER)";
				ENABLE_NS_ASSERTIONS = NO;
				ENABLE_STRICT_OBJC_MSGSEND = YES;
				ENABLE_TESTABILITY = YES;
				GCC_C_LANGUAGE_STANDARD = gnu99;
				GCC_NO_COMMON_BLOCKS = YES;
				GCC_WARN_64_TO_32_BIT_CONVERSION = YES;
				GCC_WARN_ABOUT_RETURN_TYPE = YES_ERROR;
				GCC_WARN_UNDECLARED_SELECTOR = YES;
				GCC_WARN_UNINITIALIZED_AUTOS = YES_AGGRESSIVE;
				GCC_WARN_UNUSED_FUNCTION = YES;
				GCC_WARN_UNUSED_VARIABLE = YES;
				IPHONEOS_DEPLOYMENT_TARGET = 9.0;
				MACOSX_DEPLOYMENT_TARGET = 10.9;
				MTL_ENABLE_DEBUG_INFO = NO;
				SWIFT_OPTIMIZATION_LEVEL = "-Owholemodule";
				SWIFT_VERSION = 4.0;
				TARGETED_DEVICE_FAMILY = "1,2";
				TVOS_DEPLOYMENT_TARGET = 9.0;
				VALIDATE_PRODUCT = YES;
				VERSIONING_SYSTEM = "";
				VERSION_INFO_PREFIX = "";
				WATCHOS_DEPLOYMENT_TARGET = 2.0;
			};
			name = Profile;
		};
		BB9AE46A1C203A23002C5D63 /* Profile */ = {
			isa = XCBuildConfiguration;
			buildSettings = {
				APPLICATION_EXTENSION_API_ONLY = YES;
				CLANG_ENABLE_MODULES = YES;
				DEFINES_MODULE = YES;
				DYLIB_INSTALL_NAME_BASE = "@rpath";
				INFOPLIST_FILE = Sources/Info.plist;
				INSTALL_PATH = "$(LOCAL_LIBRARY_DIR)/Frameworks";
				LD_RUNPATH_SEARCH_PATHS = "$(inherited) @executable_path/Frameworks @loader_path/Frameworks";
				PRODUCT_BUNDLE_IDENTIFIER = "$(BUNDLE_IDENTIFIER_BASE).$(PLATFORM_DISPLAY_NAME:rfc1034identifier)";
				PRODUCT_NAME = BTree;
				SDKROOT = iphoneos;
				SKIP_INSTALL = YES;
			};
			name = Profile;
		};
		BB9AE46B1C203A23002C5D63 /* Profile */ = {
			isa = XCBuildConfiguration;
			buildSettings = {
				APPLICATION_EXTENSION_API_ONLY = YES;
				CODE_SIGN_IDENTITY = "";
				COMBINE_HIDPI_IMAGES = YES;
				DEFINES_MODULE = YES;
				DYLIB_INSTALL_NAME_BASE = "@rpath";
				FRAMEWORK_VERSION = A;
				INFOPLIST_FILE = Sources/Info.plist;
				INSTALL_PATH = "$(LOCAL_LIBRARY_DIR)/Frameworks";
				LD_RUNPATH_SEARCH_PATHS = "$(inherited) @executable_path/../Frameworks @loader_path/Frameworks";
				PRODUCT_BUNDLE_IDENTIFIER = "$(BUNDLE_IDENTIFIER_BASE).$(PLATFORM_DISPLAY_NAME:rfc1034identifier)";
				PRODUCT_NAME = BTree;
				SDKROOT = macosx;
				SKIP_INSTALL = YES;
			};
			name = Profile;
		};
		BB9AE46C1C203A23002C5D63 /* Profile */ = {
			isa = XCBuildConfiguration;
			buildSettings = {
				INFOPLIST_FILE = Tests/BTreeTests/Info.plist;
				LD_RUNPATH_SEARCH_PATHS = "$(inherited) @executable_path/Frameworks @loader_path/Frameworks";
				PRODUCT_BUNDLE_IDENTIFIER = "$(BUNDLE_IDENTIFIER_BASE).Tests.iOS";
				PRODUCT_NAME = BTreeTests;
				SDKROOT = iphoneos;
				SWIFT_SWIFT3_OBJC_INFERENCE = On;
				SWIFT_VERSION = 4.0;
			};
			name = Profile;
		};
		BB9AE46D1C203A23002C5D63 /* Profile */ = {
			isa = XCBuildConfiguration;
			buildSettings = {
				CODE_SIGN_IDENTITY = "-";
				COMBINE_HIDPI_IMAGES = YES;
				INFOPLIST_FILE = Tests/BTreeTests/Info.plist;
				LD_RUNPATH_SEARCH_PATHS = "$(inherited) @executable_path/../Frameworks @loader_path/../Frameworks";
				MACOSX_DEPLOYMENT_TARGET = 10.11;
				PRODUCT_BUNDLE_IDENTIFIER = "$(BUNDLE_IDENTIFIER_BASE).Tests.Mac";
				PRODUCT_NAME = BTreeTests;
				SDKROOT = macosx;
			};
			name = Profile;
		};
/* End XCBuildConfiguration section */

/* Begin XCConfigurationList section */
		BB338C911DD27D2F00BB401D /* Build configuration list for PBXNativeTarget "PerformanceTests" */ = {
			isa = XCConfigurationList;
			buildConfigurations = (
				BB338C8D1DD27D2F00BB401D /* Debug */,
				BB338C8E1DD27D2F00BB401D /* Release */,
				BB338C8F1DD27D2F00BB401D /* Profile */,
				BB338C901DD27D2F00BB401D /* Unchecked */,
			);
			defaultConfigurationIsVisible = 0;
			defaultConfigurationName = Release;
		};
		BB54D0A91C1F0357008A462B /* Build configuration list for PBXProject "BTree" */ = {
			isa = XCConfigurationList;
			buildConfigurations = (
				BB54D0C11C1F0357008A462B /* Debug */,
				BB54D0C21C1F0357008A462B /* Release */,
				BB9AE4691C203A23002C5D63 /* Profile */,
				BB3EAADD1C2707E90028E5A7 /* Unchecked */,
			);
			defaultConfigurationIsVisible = 0;
			defaultConfigurationName = Release;
		};
		BB54D0C31C1F0357008A462B /* Build configuration list for PBXNativeTarget "iOS" */ = {
			isa = XCConfigurationList;
			buildConfigurations = (
				BB54D0C41C1F0357008A462B /* Debug */,
				BB54D0C51C1F0357008A462B /* Release */,
				BB9AE46A1C203A23002C5D63 /* Profile */,
				BB3EAADE1C2707E90028E5A7 /* Unchecked */,
			);
			defaultConfigurationIsVisible = 0;
			defaultConfigurationName = Release;
		};
		BB54D0C61C1F0357008A462B /* Build configuration list for PBXNativeTarget "Tests-iOS" */ = {
			isa = XCConfigurationList;
			buildConfigurations = (
				BB54D0C71C1F0357008A462B /* Debug */,
				BB54D0C81C1F0357008A462B /* Release */,
				BB9AE46C1C203A23002C5D63 /* Profile */,
				BB3EAAE01C2707E90028E5A7 /* Unchecked */,
			);
			defaultConfigurationIsVisible = 0;
			defaultConfigurationName = Release;
		};
		BB8FE99E1C7C8CDC0051268F /* Build configuration list for PBXNativeTarget "watchOS" */ = {
			isa = XCConfigurationList;
			buildConfigurations = (
				BB8FE99F1C7C8CDC0051268F /* Debug */,
				BB8FE9A01C7C8CDC0051268F /* Release */,
				BB8FE9A11C7C8CDC0051268F /* Profile */,
				BB8FE9A21C7C8CDC0051268F /* Unchecked */,
			);
			defaultConfigurationIsVisible = 0;
			defaultConfigurationName = Release;
		};
		BB8FE9C11C7C8E0F0051268F /* Build configuration list for PBXNativeTarget "tvOS" */ = {
			isa = XCConfigurationList;
			buildConfigurations = (
				BB8FE9C21C7C8E0F0051268F /* Debug */,
				BB8FE9C31C7C8E0F0051268F /* Release */,
				BB8FE9C41C7C8E0F0051268F /* Profile */,
				BB8FE9C51C7C8E0F0051268F /* Unchecked */,
			);
			defaultConfigurationIsVisible = 0;
			defaultConfigurationName = Release;
		};
		BB8FE9C61C7C8E0F0051268F /* Build configuration list for PBXNativeTarget "Tests-tvOS" */ = {
			isa = XCConfigurationList;
			buildConfigurations = (
				BB8FE9C71C7C8E0F0051268F /* Debug */,
				BB8FE9C81C7C8E0F0051268F /* Release */,
				BB8FE9C91C7C8E0F0051268F /* Profile */,
				BB8FE9CA1C7C8E0F0051268F /* Unchecked */,
			);
			defaultConfigurationIsVisible = 0;
			defaultConfigurationName = Release;
		};
		BB9AE4401C1FCC35002C5D63 /* Build configuration list for PBXNativeTarget "Mac" */ = {
			isa = XCConfigurationList;
			buildConfigurations = (
				BB9AE4411C1FCC35002C5D63 /* Debug */,
				BB9AE4421C1FCC35002C5D63 /* Release */,
				BB9AE46B1C203A23002C5D63 /* Profile */,
				BB3EAADF1C2707E90028E5A7 /* Unchecked */,
			);
			defaultConfigurationIsVisible = 0;
			defaultConfigurationName = Release;
		};
		BB9AE4541C1FCE0B002C5D63 /* Build configuration list for PBXNativeTarget "Tests-Mac" */ = {
			isa = XCConfigurationList;
			buildConfigurations = (
				BB9AE4551C1FCE0B002C5D63 /* Debug */,
				BB9AE4561C1FCE0B002C5D63 /* Release */,
				BB9AE46D1C203A23002C5D63 /* Profile */,
				BB3EAAE11C2707E90028E5A7 /* Unchecked */,
			);
			defaultConfigurationIsVisible = 0;
			defaultConfigurationName = Release;
		};
/* End XCConfigurationList section */
	};
	rootObject = BB54D0A61C1F0357008A462B /* Project object */;
}
